// !$*UTF8*$!
{
	archiveVersion = 1;
	classes = {
	};
	objectVersion = 50;
	objects = {

/* Begin PBXBuildFile section */
		920D371D274175A2007FD811 /* NSRangeExtensions.swift in Sources */ = {isa = PBXBuildFile; fileRef = 920D371C274175A2007FD811 /* NSRangeExtensions.swift */; };
		922590DC26471D0F000113B3 /* ListItemBlockViewModel.swift in Sources */ = {isa = PBXBuildFile; fileRef = 922590DB26471D0F000113B3 /* ListItemBlockViewModel.swift */; };
		922590DE26471DC1000113B3 /* TodoBlockViewModel.swift in Sources */ = {isa = PBXBuildFile; fileRef = 922590DD26471DC1000113B3 /* TodoBlockViewModel.swift */; };
		922590E026471E7E000113B3 /* TextBlockViewModel.swift in Sources */ = {isa = PBXBuildFile; fileRef = 922590DF26471E7E000113B3 /* TextBlockViewModel.swift */; };
		924A7C7A2649C7AC003C5073 /* Metrics.swift in Sources */ = {isa = PBXBuildFile; fileRef = 924A7C792649C7AC003C5073 /* Metrics.swift */; };
		924A7C7C2649D259003C5073 /* QuoteBlockCellView.swift in Sources */ = {isa = PBXBuildFile; fileRef = 924A7C7B2649D259003C5073 /* QuoteBlockCellView.swift */; };
		924A7C7E2649D2A7003C5073 /* QuoteBlockViewModel.swift in Sources */ = {isa = PBXBuildFile; fileRef = 924A7C7D2649D2A7003C5073 /* QuoteBlockViewModel.swift */; };
		928EF89726444AF000437680 /* PilcrowExtensions.swift in Sources */ = {isa = PBXBuildFile; fileRef = 928EF89626444AF000437680 /* PilcrowExtensions.swift */; };
		928EF89B26444E7E00437680 /* BaseTextCellView.swift in Sources */ = {isa = PBXBuildFile; fileRef = 928EF89A26444E7E00437680 /* BaseTextCellView.swift */; };
		928EF89D26444F1D00437680 /* TodoBlockCellView.swift in Sources */ = {isa = PBXBuildFile; fileRef = 928EF89C26444F1D00437680 /* TodoBlockCellView.swift */; };
		92973A952644BBAB00B836B5 /* TextStyle.swift in Sources */ = {isa = PBXBuildFile; fileRef = 92973A942644BBAB00B836B5 /* TextStyle.swift */; };
		92973A97264589FE00B836B5 /* ListItemBlockCellView.swift in Sources */ = {isa = PBXBuildFile; fileRef = 92973A96264589FE00B836B5 /* ListItemBlockCellView.swift */; };
		92973A9D26458E4200B836B5 /* FocusableView.swift in Sources */ = {isa = PBXBuildFile; fileRef = 92973A9C26458E4200B836B5 /* FocusableView.swift */; };
		92973A9F2645908C00B836B5 /* TextBlockCellView.swift in Sources */ = {isa = PBXBuildFile; fileRef = 92973A9E2645908C00B836B5 /* TextBlockCellView.swift */; };
		92973AAA2645B20300B836B5 /* ListItemStyle.swift in Sources */ = {isa = PBXBuildFile; fileRef = 92973AA92645B20300B836B5 /* ListItemStyle.swift */; };
		92973AB12645BAB300B836B5 /* ReusableCell.swift in Sources */ = {isa = PBXBuildFile; fileRef = 92973AB02645BAB300B836B5 /* ReusableCell.swift */; };
		92B17561264D77D10016C279 /* DividerBlockViewModel.swift in Sources */ = {isa = PBXBuildFile; fileRef = 92B17560264D77D10016C279 /* DividerBlockViewModel.swift */; };
		92B17563264D77F60016C279 /* DividerBlockCellView.swift in Sources */ = {isa = PBXBuildFile; fileRef = 92B17562264D77F60016C279 /* DividerBlockCellView.swift */; };
		92B3276D273BFDE30071B0C4 /* Pilcrow.docc in Sources */ = {isa = PBXBuildFile; fileRef = 92B3276C273BFDE30071B0C4 /* Pilcrow.docc */; };
		92B32773273BFDE40071B0C4 /* Pilcrow.framework in Frameworks */ = {isa = PBXBuildFile; fileRef = 92B32769273BFDE30071B0C4 /* Pilcrow.framework */; };
		92B32779273BFDE40071B0C4 /* Pilcrow.h in Headers */ = {isa = PBXBuildFile; fileRef = 92B3276B273BFDE30071B0C4 /* Pilcrow.h */; settings = {ATTRIBUTES = (Public, ); }; };
		92B32784273BFE4F0071B0C4 /* Block.swift in Sources */ = {isa = PBXBuildFile; fileRef = 92B32783273BFE4F0071B0C4 /* Block.swift */; };
		92B32786273BFF510071B0C4 /* BlockTests.swift in Sources */ = {isa = PBXBuildFile; fileRef = 92B32785273BFF500071B0C4 /* BlockTests.swift */; };
		92B32788273C00710071B0C4 /* BlockKindTests.swift in Sources */ = {isa = PBXBuildFile; fileRef = 92B32787273C00710071B0C4 /* BlockKindTests.swift */; };
		92B3278A273C04590071B0C4 /* BlockKind.swift in Sources */ = {isa = PBXBuildFile; fileRef = 92B32789273C04590071B0C4 /* BlockKind.swift */; };
		92B3278C273D49160071B0C4 /* Document.swift in Sources */ = {isa = PBXBuildFile; fileRef = 92B3278B273D49160071B0C4 /* Document.swift */; };
		92B32790273D49D10071B0C4 /* Pilcrow.framework in Frameworks */ = {isa = PBXBuildFile; fileRef = 92B32769273BFDE30071B0C4 /* Pilcrow.framework */; };
		92B32791273D49D10071B0C4 /* Pilcrow.framework in Embed Frameworks */ = {isa = PBXBuildFile; fileRef = 92B32769273BFDE30071B0C4 /* Pilcrow.framework */; settings = {ATTRIBUTES = (CodeSignOnCopy, RemoveHeadersOnCopy, ); }; };
		92B32798273D4A9D0071B0C4 /* ColorBlockViewModel.swift in Sources */ = {isa = PBXBuildFile; fileRef = 92B32797273D4A9D0071B0C4 /* ColorBlockViewModel.swift */; };
		92B3279A273D4B180071B0C4 /* ColorBlockCellView.swift in Sources */ = {isa = PBXBuildFile; fileRef = 92B32799273D4B180071B0C4 /* ColorBlockCellView.swift */; };
		92B3279C273D4C8D0071B0C4 /* TextEdit.swift in Sources */ = {isa = PBXBuildFile; fileRef = 92973A9926458D4A00B836B5 /* TextEdit.swift */; };
		92B3279D273D4C910071B0C4 /* Editor.swift in Sources */ = {isa = PBXBuildFile; fileRef = 92973AB32645E3B500B836B5 /* Editor.swift */; };
		92B3279F273D4CF10071B0C4 /* EditResult.swift in Sources */ = {isa = PBXBuildFile; fileRef = 92B3279E273D4CF10071B0C4 /* EditResult.swift */; };
		92B327A8273D98CB0071B0C4 /* AppDelegate.swift in Sources */ = {isa = PBXBuildFile; fileRef = 92B327A7273D98CB0071B0C4 /* AppDelegate.swift */; };
		92B327AA273D98CB0071B0C4 /* DocumentViewController.swift in Sources */ = {isa = PBXBuildFile; fileRef = 92B327A9273D98CB0071B0C4 /* DocumentViewController.swift */; };
		92B327AC273D98CC0071B0C4 /* Assets.xcassets in Resources */ = {isa = PBXBuildFile; fileRef = 92B327AB273D98CC0071B0C4 /* Assets.xcassets */; };
		92B327AF273D98CC0071B0C4 /* Main.storyboard in Resources */ = {isa = PBXBuildFile; fileRef = 92B327AD273D98CC0071B0C4 /* Main.storyboard */; };
		92B327B6273D99F20071B0C4 /* Pilcrow.framework in Frameworks */ = {isa = PBXBuildFile; fileRef = 92B32769273BFDE30071B0C4 /* Pilcrow.framework */; };
		92B327B7273D99F20071B0C4 /* Pilcrow.framework in Embed Frameworks */ = {isa = PBXBuildFile; fileRef = 92B32769273BFDE30071B0C4 /* Pilcrow.framework */; settings = {ATTRIBUTES = (CodeSignOnCopy, RemoveHeadersOnCopy, ); }; };
		92B327C1273D9BB50071B0C4 /* BaseTextCellView.swift in Sources */ = {isa = PBXBuildFile; fileRef = 92B327C0273D9BB50071B0C4 /* BaseTextCellView.swift */; };
		92B327C3273D9D850071B0C4 /* PilcrowExtensions.swift in Sources */ = {isa = PBXBuildFile; fileRef = 928EF89626444AF000437680 /* PilcrowExtensions.swift */; };
		92B327E0273DCB5A0071B0C4 /* TodoCellView.swift in Sources */ = {isa = PBXBuildFile; fileRef = 92B327DF273DCB5A0071B0C4 /* TodoCellView.swift */; };
		92B327E2273DFB7B0071B0C4 /* TextCellView.swift in Sources */ = {isa = PBXBuildFile; fileRef = 92B327E1273DFB7B0071B0C4 /* TextCellView.swift */; };
		92B327E6273DFC140071B0C4 /* TodoBlockViewModel.swift in Sources */ = {isa = PBXBuildFile; fileRef = 92B327E5273DFC140071B0C4 /* TodoBlockViewModel.swift */; };
		92B327E8273E028B0071B0C4 /* ListItemCellView.swift in Sources */ = {isa = PBXBuildFile; fileRef = 92B327E7273E028B0071B0C4 /* ListItemCellView.swift */; };
		92B327EA273E042D0071B0C4 /* QuoteCellView.swift in Sources */ = {isa = PBXBuildFile; fileRef = 92B327E9273E042D0071B0C4 /* QuoteCellView.swift */; };
		92B327EC273E0C4A0071B0C4 /* TextView.swift in Sources */ = {isa = PBXBuildFile; fileRef = 92B327EB273E0C4A0071B0C4 /* TextView.swift */; };
		92C2264E26542E8C00FB5D97 /* DocumentBrowserViewController.swift in Sources */ = {isa = PBXBuildFile; fileRef = 92C2264D26542E8C00FB5D97 /* DocumentBrowserViewController.swift */; };
		92C22651265431C200FB5D97 /* DocumentFile.swift in Sources */ = {isa = PBXBuildFile; fileRef = 92C22650265431C200FB5D97 /* DocumentFile.swift */; };
		92C336192655DA8800AF6F4F /* ToolbarController.swift in Sources */ = {isa = PBXBuildFile; fileRef = 92C336182655DA8800AF6F4F /* ToolbarController.swift */; };
		92C581172644472800E062A0 /* AppDelegate.swift in Sources */ = {isa = PBXBuildFile; fileRef = 92C581162644472800E062A0 /* AppDelegate.swift */; };
		92C581192644472800E062A0 /* SceneDelegate.swift in Sources */ = {isa = PBXBuildFile; fileRef = 92C581182644472800E062A0 /* SceneDelegate.swift */; };
		92C5811B2644472800E062A0 /* DocumentViewController.swift in Sources */ = {isa = PBXBuildFile; fileRef = 92C5811A2644472800E062A0 /* DocumentViewController.swift */; };
		92C5811E2644472800E062A0 /* Main.storyboard in Resources */ = {isa = PBXBuildFile; fileRef = 92C5811C2644472800E062A0 /* Main.storyboard */; };
		92C581202644472800E062A0 /* Assets.xcassets in Resources */ = {isa = PBXBuildFile; fileRef = 92C5811F2644472800E062A0 /* Assets.xcassets */; };
		92C581232644472800E062A0 /* LaunchScreen.storyboard in Resources */ = {isa = PBXBuildFile; fileRef = 92C581212644472800E062A0 /* LaunchScreen.storyboard */; };
/* End PBXBuildFile section */

/* Begin PBXContainerItemProxy section */
		92B32774273BFDE40071B0C4 /* PBXContainerItemProxy */ = {
			isa = PBXContainerItemProxy;
			containerPortal = 92C5810B2644472700E062A0 /* Project object */;
			proxyType = 1;
			remoteGlobalIDString = 92B32768273BFDE30071B0C4;
			remoteInfo = Pilcrow;
		};
		92B3278D273D49BC0071B0C4 /* PBXContainerItemProxy */ = {
			isa = PBXContainerItemProxy;
			containerPortal = 92C5810B2644472700E062A0 /* Project object */;
			proxyType = 1;
			remoteGlobalIDString = 92B32768273BFDE30071B0C4;
			remoteInfo = Pilcrow;
		};
		92B327B4273D98F10071B0C4 /* PBXContainerItemProxy */ = {
			isa = PBXContainerItemProxy;
			containerPortal = 92C5810B2644472700E062A0 /* Project object */;
			proxyType = 1;
			remoteGlobalIDString = 92B32768273BFDE30071B0C4;
			remoteInfo = Pilcrow;
		};
		92B327B8273D99F20071B0C4 /* PBXContainerItemProxy */ = {
			isa = PBXContainerItemProxy;
			containerPortal = 92C5810B2644472700E062A0 /* Project object */;
			proxyType = 1;
			remoteGlobalIDString = 92B32768273BFDE30071B0C4;
			remoteInfo = Pilcrow;
		};
/* End PBXContainerItemProxy section */

/* Begin PBXCopyFilesBuildPhase section */
		92B32794273D49D10071B0C4 /* Embed Frameworks */ = {
			isa = PBXCopyFilesBuildPhase;
			buildActionMask = 2147483647;
			dstPath = "";
			dstSubfolderSpec = 10;
			files = (
				92B32791273D49D10071B0C4 /* Pilcrow.framework in Embed Frameworks */,
			);
			name = "Embed Frameworks";
			runOnlyForDeploymentPostprocessing = 0;
		};
		92B327BA273D99F20071B0C4 /* Embed Frameworks */ = {
			isa = PBXCopyFilesBuildPhase;
			buildActionMask = 2147483647;
			dstPath = "";
			dstSubfolderSpec = 10;
			files = (
				92B327B7273D99F20071B0C4 /* Pilcrow.framework in Embed Frameworks */,
			);
			name = "Embed Frameworks";
			runOnlyForDeploymentPostprocessing = 0;
		};
/* End PBXCopyFilesBuildPhase section */

/* Begin PBXFileReference section */
		920D371C274175A2007FD811 /* NSRangeExtensions.swift */ = {isa = PBXFileReference; lastKnownFileType = sourcecode.swift; path = NSRangeExtensions.swift; sourceTree = "<group>"; };
		922590D4264718A5000113B3 /* DocumentTests.swift */ = {isa = PBXFileReference; lastKnownFileType = sourcecode.swift; path = DocumentTests.swift; sourceTree = "<group>"; };
		922590D826471C8D000113B3 /* NumberedListItemContentTests.swift */ = {isa = PBXFileReference; lastKnownFileType = sourcecode.swift; path = NumberedListItemContentTests.swift; sourceTree = "<group>"; };
		922590DB26471D0F000113B3 /* ListItemBlockViewModel.swift */ = {isa = PBXFileReference; lastKnownFileType = sourcecode.swift; path = ListItemBlockViewModel.swift; sourceTree = "<group>"; };
		922590DD26471DC1000113B3 /* TodoBlockViewModel.swift */ = {isa = PBXFileReference; lastKnownFileType = sourcecode.swift; path = TodoBlockViewModel.swift; sourceTree = "<group>"; };
		922590DF26471E7E000113B3 /* TextBlockViewModel.swift */ = {isa = PBXFileReference; lastKnownFileType = sourcecode.swift; path = TextBlockViewModel.swift; sourceTree = "<group>"; };
		924A7C792649C7AC003C5073 /* Metrics.swift */ = {isa = PBXFileReference; lastKnownFileType = sourcecode.swift; path = Metrics.swift; sourceTree = "<group>"; };
		924A7C7B2649D259003C5073 /* QuoteBlockCellView.swift */ = {isa = PBXFileReference; lastKnownFileType = sourcecode.swift; path = QuoteBlockCellView.swift; sourceTree = "<group>"; };
		924A7C7D2649D2A7003C5073 /* QuoteBlockViewModel.swift */ = {isa = PBXFileReference; lastKnownFileType = sourcecode.swift; path = QuoteBlockViewModel.swift; sourceTree = "<group>"; };
		928EF89626444AF000437680 /* PilcrowExtensions.swift */ = {isa = PBXFileReference; lastKnownFileType = sourcecode.swift; path = PilcrowExtensions.swift; sourceTree = "<group>"; };
		928EF89A26444E7E00437680 /* BaseTextCellView.swift */ = {isa = PBXFileReference; lastKnownFileType = sourcecode.swift; path = BaseTextCellView.swift; sourceTree = "<group>"; };
		928EF89C26444F1D00437680 /* TodoBlockCellView.swift */ = {isa = PBXFileReference; lastKnownFileType = sourcecode.swift; path = TodoBlockCellView.swift; sourceTree = "<group>"; };
		928EF8C32644816700437680 /* Pilcrow.entitlements */ = {isa = PBXFileReference; lastKnownFileType = text.plist.entitlements; path = Pilcrow.entitlements; sourceTree = "<group>"; };
		92973A942644BBAB00B836B5 /* TextStyle.swift */ = {isa = PBXFileReference; lastKnownFileType = sourcecode.swift; path = TextStyle.swift; sourceTree = "<group>"; };
		92973A96264589FE00B836B5 /* ListItemBlockCellView.swift */ = {isa = PBXFileReference; lastKnownFileType = sourcecode.swift; path = ListItemBlockCellView.swift; sourceTree = "<group>"; };
		92973A9926458D4A00B836B5 /* TextEdit.swift */ = {isa = PBXFileReference; lastKnownFileType = sourcecode.swift; path = TextEdit.swift; sourceTree = "<group>"; };
		92973A9C26458E4200B836B5 /* FocusableView.swift */ = {isa = PBXFileReference; lastKnownFileType = sourcecode.swift; path = FocusableView.swift; sourceTree = "<group>"; };
		92973A9E2645908C00B836B5 /* TextBlockCellView.swift */ = {isa = PBXFileReference; lastKnownFileType = sourcecode.swift; path = TextBlockCellView.swift; sourceTree = "<group>"; };
		92973AA92645B20300B836B5 /* ListItemStyle.swift */ = {isa = PBXFileReference; lastKnownFileType = sourcecode.swift; path = ListItemStyle.swift; sourceTree = "<group>"; };
		92973AB02645BAB300B836B5 /* ReusableCell.swift */ = {isa = PBXFileReference; lastKnownFileType = sourcecode.swift; path = ReusableCell.swift; sourceTree = "<group>"; };
		92973AB32645E3B500B836B5 /* Editor.swift */ = {isa = PBXFileReference; lastKnownFileType = sourcecode.swift; path = Editor.swift; sourceTree = "<group>"; };
		92B17560264D77D10016C279 /* DividerBlockViewModel.swift */ = {isa = PBXFileReference; lastKnownFileType = sourcecode.swift; path = DividerBlockViewModel.swift; sourceTree = "<group>"; };
		92B17562264D77F60016C279 /* DividerBlockCellView.swift */ = {isa = PBXFileReference; lastKnownFileType = sourcecode.swift; path = DividerBlockCellView.swift; sourceTree = "<group>"; };
		92B32769273BFDE30071B0C4 /* Pilcrow.framework */ = {isa = PBXFileReference; explicitFileType = wrapper.framework; includeInIndex = 0; path = Pilcrow.framework; sourceTree = BUILT_PRODUCTS_DIR; };
		92B3276B273BFDE30071B0C4 /* Pilcrow.h */ = {isa = PBXFileReference; lastKnownFileType = sourcecode.c.h; path = Pilcrow.h; sourceTree = "<group>"; };
		92B3276C273BFDE30071B0C4 /* Pilcrow.docc */ = {isa = PBXFileReference; lastKnownFileType = folder.documentationcatalog; path = Pilcrow.docc; sourceTree = "<group>"; };
		92B32772273BFDE40071B0C4 /* Tests.xctest */ = {isa = PBXFileReference; explicitFileType = wrapper.cfbundle; includeInIndex = 0; path = Tests.xctest; sourceTree = BUILT_PRODUCTS_DIR; };
		92B32783273BFE4F0071B0C4 /* Block.swift */ = {isa = PBXFileReference; lastKnownFileType = sourcecode.swift; path = Block.swift; sourceTree = "<group>"; };
		92B32785273BFF500071B0C4 /* BlockTests.swift */ = {isa = PBXFileReference; lastKnownFileType = sourcecode.swift; path = BlockTests.swift; sourceTree = "<group>"; };
		92B32787273C00710071B0C4 /* BlockKindTests.swift */ = {isa = PBXFileReference; lastKnownFileType = sourcecode.swift; path = BlockKindTests.swift; sourceTree = "<group>"; };
		92B32789273C04590071B0C4 /* BlockKind.swift */ = {isa = PBXFileReference; lastKnownFileType = sourcecode.swift; path = BlockKind.swift; sourceTree = "<group>"; };
		92B3278B273D49160071B0C4 /* Document.swift */ = {isa = PBXFileReference; lastKnownFileType = sourcecode.swift; path = Document.swift; sourceTree = "<group>"; };
		92B32797273D4A9D0071B0C4 /* ColorBlockViewModel.swift */ = {isa = PBXFileReference; lastKnownFileType = sourcecode.swift; path = ColorBlockViewModel.swift; sourceTree = "<group>"; };
		92B32799273D4B180071B0C4 /* ColorBlockCellView.swift */ = {isa = PBXFileReference; lastKnownFileType = sourcecode.swift; path = ColorBlockCellView.swift; sourceTree = "<group>"; };
		92B3279E273D4CF10071B0C4 /* EditResult.swift */ = {isa = PBXFileReference; lastKnownFileType = sourcecode.swift; path = EditResult.swift; sourceTree = "<group>"; };
		92B327A5273D98CB0071B0C4 /* Pilcrow Demo.app */ = {isa = PBXFileReference; explicitFileType = wrapper.application; includeInIndex = 0; path = "Pilcrow Demo.app"; sourceTree = BUILT_PRODUCTS_DIR; };
		92B327A7273D98CB0071B0C4 /* AppDelegate.swift */ = {isa = PBXFileReference; lastKnownFileType = sourcecode.swift; path = AppDelegate.swift; sourceTree = "<group>"; };
		92B327A9273D98CB0071B0C4 /* DocumentViewController.swift */ = {isa = PBXFileReference; lastKnownFileType = sourcecode.swift; path = DocumentViewController.swift; sourceTree = "<group>"; };
		92B327AB273D98CC0071B0C4 /* Assets.xcassets */ = {isa = PBXFileReference; lastKnownFileType = folder.assetcatalog; path = Assets.xcassets; sourceTree = "<group>"; };
		92B327AE273D98CC0071B0C4 /* Base */ = {isa = PBXFileReference; lastKnownFileType = file.storyboard; name = Base; path = Base.lproj/Main.storyboard; sourceTree = "<group>"; };
		92B327B0273D98CC0071B0C4 /* Demo_macOS.entitlements */ = {isa = PBXFileReference; lastKnownFileType = text.plist.entitlements; path = Demo_macOS.entitlements; sourceTree = "<group>"; };
		92B327C0273D9BB50071B0C4 /* BaseTextCellView.swift */ = {isa = PBXFileReference; lastKnownFileType = sourcecode.swift; path = BaseTextCellView.swift; sourceTree = "<group>"; };
		92B327DF273DCB5A0071B0C4 /* TodoCellView.swift */ = {isa = PBXFileReference; lastKnownFileType = sourcecode.swift; path = TodoCellView.swift; sourceTree = "<group>"; };
		92B327E1273DFB7B0071B0C4 /* TextCellView.swift */ = {isa = PBXFileReference; lastKnownFileType = sourcecode.swift; path = TextCellView.swift; sourceTree = "<group>"; };
		92B327E5273DFC140071B0C4 /* TodoBlockViewModel.swift */ = {isa = PBXFileReference; lastKnownFileType = sourcecode.swift; path = TodoBlockViewModel.swift; sourceTree = "<group>"; };
		92B327E7273E028B0071B0C4 /* ListItemCellView.swift */ = {isa = PBXFileReference; lastKnownFileType = sourcecode.swift; path = ListItemCellView.swift; sourceTree = "<group>"; };
		92B327E9273E042D0071B0C4 /* QuoteCellView.swift */ = {isa = PBXFileReference; lastKnownFileType = sourcecode.swift; path = QuoteCellView.swift; sourceTree = "<group>"; };
		92B327EB273E0C4A0071B0C4 /* TextView.swift */ = {isa = PBXFileReference; lastKnownFileType = sourcecode.swift; path = TextView.swift; sourceTree = "<group>"; };
		92C22629265421A200FB5D97 /* DocumentEditorTests.swift */ = {isa = PBXFileReference; lastKnownFileType = sourcecode.swift; path = DocumentEditorTests.swift; sourceTree = "<group>"; };
		92C2264D26542E8C00FB5D97 /* DocumentBrowserViewController.swift */ = {isa = PBXFileReference; lastKnownFileType = sourcecode.swift; path = DocumentBrowserViewController.swift; sourceTree = "<group>"; };
		92C22650265431C200FB5D97 /* DocumentFile.swift */ = {isa = PBXFileReference; lastKnownFileType = sourcecode.swift; path = DocumentFile.swift; sourceTree = "<group>"; };
		92C336182655DA8800AF6F4F /* ToolbarController.swift */ = {isa = PBXFileReference; lastKnownFileType = sourcecode.swift; path = ToolbarController.swift; sourceTree = "<group>"; };
		92C581132644472800E062A0 /* Pilcrow Demo.app */ = {isa = PBXFileReference; explicitFileType = wrapper.application; includeInIndex = 0; path = "Pilcrow Demo.app"; sourceTree = BUILT_PRODUCTS_DIR; };
		92C581162644472800E062A0 /* AppDelegate.swift */ = {isa = PBXFileReference; lastKnownFileType = sourcecode.swift; path = AppDelegate.swift; sourceTree = "<group>"; };
		92C581182644472800E062A0 /* SceneDelegate.swift */ = {isa = PBXFileReference; lastKnownFileType = sourcecode.swift; path = SceneDelegate.swift; sourceTree = "<group>"; };
		92C5811A2644472800E062A0 /* DocumentViewController.swift */ = {isa = PBXFileReference; lastKnownFileType = sourcecode.swift; path = DocumentViewController.swift; sourceTree = "<group>"; };
		92C5811D2644472800E062A0 /* Base */ = {isa = PBXFileReference; lastKnownFileType = file.storyboard; name = Base; path = Base.lproj/Main.storyboard; sourceTree = "<group>"; };
		92C5811F2644472800E062A0 /* Assets.xcassets */ = {isa = PBXFileReference; lastKnownFileType = folder.assetcatalog; path = Assets.xcassets; sourceTree = "<group>"; };
		92C581222644472800E062A0 /* Base */ = {isa = PBXFileReference; lastKnownFileType = file.storyboard; name = Base; path = Base.lproj/LaunchScreen.storyboard; sourceTree = "<group>"; };
		92C581242644472800E062A0 /* Info.plist */ = {isa = PBXFileReference; lastKnownFileType = text.plist.xml; path = Info.plist; sourceTree = "<group>"; };
/* End PBXFileReference section */

/* Begin PBXFrameworksBuildPhase section */
		92B32766273BFDE30071B0C4 /* Frameworks */ = {
			isa = PBXFrameworksBuildPhase;
			buildActionMask = 2147483647;
			files = (
			);
			runOnlyForDeploymentPostprocessing = 0;
		};
		92B3276F273BFDE40071B0C4 /* Frameworks */ = {
			isa = PBXFrameworksBuildPhase;
			buildActionMask = 2147483647;
			files = (
				92B32773273BFDE40071B0C4 /* Pilcrow.framework in Frameworks */,
			);
			runOnlyForDeploymentPostprocessing = 0;
		};
		92B327A2273D98CB0071B0C4 /* Frameworks */ = {
			isa = PBXFrameworksBuildPhase;
			buildActionMask = 2147483647;
			files = (
				92B327B6273D99F20071B0C4 /* Pilcrow.framework in Frameworks */,
			);
			runOnlyForDeploymentPostprocessing = 0;
		};
		92C581102644472800E062A0 /* Frameworks */ = {
			isa = PBXFrameworksBuildPhase;
			buildActionMask = 2147483647;
			files = (
				92B32790273D49D10071B0C4 /* Pilcrow.framework in Frameworks */,
			);
			runOnlyForDeploymentPostprocessing = 0;
		};
/* End PBXFrameworksBuildPhase section */

/* Begin PBXGroup section */
		920D371B27417590007FD811 /* Extensions */ = {
			isa = PBXGroup;
			children = (
				920D371C274175A2007FD811 /* NSRangeExtensions.swift */,
			);
			path = Extensions;
			sourceTree = "<group>";
		};
		922590DA26471CFE000113B3 /* View Models */ = {
			isa = PBXGroup;
			children = (
				92973AA92645B20300B836B5 /* ListItemStyle.swift */,
				92973A942644BBAB00B836B5 /* TextStyle.swift */,
				922590DF26471E7E000113B3 /* TextBlockViewModel.swift */,
				922590DB26471D0F000113B3 /* ListItemBlockViewModel.swift */,
				922590DD26471DC1000113B3 /* TodoBlockViewModel.swift */,
				924A7C7D2649D2A7003C5073 /* QuoteBlockViewModel.swift */,
				92B17560264D77D10016C279 /* DividerBlockViewModel.swift */,
				92B32797273D4A9D0071B0C4 /* ColorBlockViewModel.swift */,
			);
			path = "View Models";
			sourceTree = "<group>";
		};
		928EF89826444CDF00437680 /* App */ = {
			isa = PBXGroup;
			children = (
				92C581162644472800E062A0 /* AppDelegate.swift */,
				92C581182644472800E062A0 /* SceneDelegate.swift */,
			);
			path = App;
			sourceTree = "<group>";
		};
		928EF89926444E6D00437680 /* Views */ = {
			isa = PBXGroup;
			children = (
				928EF8A22644619300437680 /* Storyboards */,
				92973AB22645E0F500B836B5 /* Cells */,
				924A7C792649C7AC003C5073 /* Metrics.swift */,
			);
			path = Views;
			sourceTree = "<group>";
		};
		928EF8A12644618700437680 /* Assets */ = {
			isa = PBXGroup;
			children = (
				92C5811F2644472800E062A0 /* Assets.xcassets */,
			);
			path = Assets;
			sourceTree = "<group>";
		};
		928EF8A22644619300437680 /* Storyboards */ = {
			isa = PBXGroup;
			children = (
				92C5811C2644472800E062A0 /* Main.storyboard */,
				92C581212644472800E062A0 /* LaunchScreen.storyboard */,
			);
			path = Storyboards;
			sourceTree = "<group>";
		};
		92973A9B26458E3400B836B5 /* Protocols */ = {
			isa = PBXGroup;
			children = (
				92973A9C26458E4200B836B5 /* FocusableView.swift */,
				92973AB02645BAB300B836B5 /* ReusableCell.swift */,
			);
			path = Protocols;
			sourceTree = "<group>";
		};
		92973AB22645E0F500B836B5 /* Cells */ = {
			isa = PBXGroup;
			children = (
				928EF89A26444E7E00437680 /* BaseTextCellView.swift */,
				92973A9E2645908C00B836B5 /* TextBlockCellView.swift */,
				928EF89C26444F1D00437680 /* TodoBlockCellView.swift */,
				92973A96264589FE00B836B5 /* ListItemBlockCellView.swift */,
				924A7C7B2649D259003C5073 /* QuoteBlockCellView.swift */,
				92B17562264D77F60016C279 /* DividerBlockCellView.swift */,
				92B32799273D4B180071B0C4 /* ColorBlockCellView.swift */,
			);
			path = Cells;
			sourceTree = "<group>";
		};
		92B3276A273BFDE30071B0C4 /* Pilcrow */ = {
			isa = PBXGroup;
			children = (
				92B32796273D4A060071B0C4 /* Models */,
				92B32795273D4A000071B0C4 /* Views */,
				920D371B27417590007FD811 /* Extensions */,
				92B3276B273BFDE30071B0C4 /* Pilcrow.h */,
				92B3276C273BFDE30071B0C4 /* Pilcrow.docc */,
			);
			path = Pilcrow;
			sourceTree = "<group>";
		};
		92B32776273BFDE40071B0C4 /* Tests */ = {
			isa = PBXGroup;
			children = (
				922590D4264718A5000113B3 /* DocumentTests.swift */,
				922590D826471C8D000113B3 /* NumberedListItemContentTests.swift */,
				92C22629265421A200FB5D97 /* DocumentEditorTests.swift */,
				92B32785273BFF500071B0C4 /* BlockTests.swift */,
				92B32787273C00710071B0C4 /* BlockKindTests.swift */,
			);
			path = Tests;
			sourceTree = "<group>";
		};
		92B3278F273D49D10071B0C4 /* Frameworks */ = {
			isa = PBXGroup;
			children = (
			);
			name = Frameworks;
			sourceTree = "<group>";
		};
		92B32795273D4A000071B0C4 /* Views */ = {
			isa = PBXGroup;
			children = (
			);
			path = Views;
			sourceTree = "<group>";
		};
		92B32796273D4A060071B0C4 /* Models */ = {
			isa = PBXGroup;
			children = (
				92B3279B273D4C7E0071B0C4 /* Editing */,
				92B3278B273D49160071B0C4 /* Document.swift */,
				92B32783273BFE4F0071B0C4 /* Block.swift */,
				92B32789273C04590071B0C4 /* BlockKind.swift */,
			);
			path = Models;
			sourceTree = "<group>";
		};
		92B3279B273D4C7E0071B0C4 /* Editing */ = {
			isa = PBXGroup;
			children = (
				92973A9926458D4A00B836B5 /* TextEdit.swift */,
				92B3279E273D4CF10071B0C4 /* EditResult.swift */,
				92973AB32645E3B500B836B5 /* Editor.swift */,
			);
			path = Editing;
			sourceTree = "<group>";
		};
		92B327A0273D98A30071B0C4 /* iOS */ = {
			isa = PBXGroup;
			children = (
				928EF89826444CDF00437680 /* App */,
				92C581462644472F00E062A0 /* Models */,
				92C581472644473300E062A0 /* View Controllers */,
				922590DA26471CFE000113B3 /* View Models */,
				928EF89926444E6D00437680 /* Views */,
				92973A9B26458E3400B836B5 /* Protocols */,
				928EF8A12644618700437680 /* Assets */,
				928EF8C32644816700437680 /* Pilcrow.entitlements */,
				92C581242644472800E062A0 /* Info.plist */,
			);
			path = iOS;
			sourceTree = "<group>";
		};
		92B327A6273D98CB0071B0C4 /* macOS */ = {
			isa = PBXGroup;
			children = (
				92B327BC273D9B6E0071B0C4 /* App */,
				92B327BB273D9B660071B0C4 /* Views */,
				92B327E4273DFC000071B0C4 /* View Models */,
				92B327BD273D9B780071B0C4 /* View Controllers */,
				92B327BE273D9B820071B0C4 /* Assets */,
				92B327B0273D98CC0071B0C4 /* Demo_macOS.entitlements */,
			);
			path = macOS;
			sourceTree = "<group>";
		};
		92B327BB273D9B660071B0C4 /* Views */ = {
			isa = PBXGroup;
			children = (
				92B327BF273D9B880071B0C4 /* Storyboards */,
				92B327C0273D9BB50071B0C4 /* BaseTextCellView.swift */,
				92B327E1273DFB7B0071B0C4 /* TextCellView.swift */,
				92B327DF273DCB5A0071B0C4 /* TodoCellView.swift */,
				92B327E7273E028B0071B0C4 /* ListItemCellView.swift */,
				92B327E9273E042D0071B0C4 /* QuoteCellView.swift */,
				92B327EB273E0C4A0071B0C4 /* TextView.swift */,
			);
			path = Views;
			sourceTree = "<group>";
		};
		92B327BC273D9B6E0071B0C4 /* App */ = {
			isa = PBXGroup;
			children = (
				92B327A7273D98CB0071B0C4 /* AppDelegate.swift */,
			);
			path = App;
			sourceTree = "<group>";
		};
		92B327BD273D9B780071B0C4 /* View Controllers */ = {
			isa = PBXGroup;
			children = (
				92B327A9273D98CB0071B0C4 /* DocumentViewController.swift */,
			);
			path = "View Controllers";
			sourceTree = "<group>";
		};
		92B327BE273D9B820071B0C4 /* Assets */ = {
			isa = PBXGroup;
			children = (
				92B327AB273D98CC0071B0C4 /* Assets.xcassets */,
			);
			path = Assets;
			sourceTree = "<group>";
		};
		92B327BF273D9B880071B0C4 /* Storyboards */ = {
			isa = PBXGroup;
			children = (
				92B327AD273D98CC0071B0C4 /* Main.storyboard */,
			);
			path = Storyboards;
			sourceTree = "<group>";
		};
		92B327C2273D9D740071B0C4 /* Shared */ = {
			isa = PBXGroup;
			children = (
				928EF89626444AF000437680 /* PilcrowExtensions.swift */,
			);
			path = Shared;
			sourceTree = "<group>";
		};
		92B327E4273DFC000071B0C4 /* View Models */ = {
			isa = PBXGroup;
			children = (
				92B327E5273DFC140071B0C4 /* TodoBlockViewModel.swift */,
			);
			path = "View Models";
			sourceTree = "<group>";
		};
		92C5810A2644472700E062A0 = {
			isa = PBXGroup;
			children = (
				92C581152644472800E062A0 /* Demo */,
				92B3276A273BFDE30071B0C4 /* Pilcrow */,
				92B32776273BFDE40071B0C4 /* Tests */,
				92C581142644472800E062A0 /* Products */,
				92B3278F273D49D10071B0C4 /* Frameworks */,
			);
			sourceTree = "<group>";
		};
		92C581142644472800E062A0 /* Products */ = {
			isa = PBXGroup;
			children = (
				92C581132644472800E062A0 /* Pilcrow Demo.app */,
				92B32769273BFDE30071B0C4 /* Pilcrow.framework */,
				92B32772273BFDE40071B0C4 /* Tests.xctest */,
				92B327A5273D98CB0071B0C4 /* Pilcrow Demo.app */,
			);
			name = Products;
			sourceTree = "<group>";
		};
		92C581152644472800E062A0 /* Demo */ = {
			isa = PBXGroup;
			children = (
				92B327C2273D9D740071B0C4 /* Shared */,
				92B327A6273D98CB0071B0C4 /* macOS */,
				92B327A0273D98A30071B0C4 /* iOS */,
			);
			path = Demo;
			sourceTree = "<group>";
		};
		92C581462644472F00E062A0 /* Models */ = {
			isa = PBXGroup;
			children = (
				92C22650265431C200FB5D97 /* DocumentFile.swift */,
			);
			path = Models;
			sourceTree = "<group>";
		};
		92C581472644473300E062A0 /* View Controllers */ = {
			isa = PBXGroup;
			children = (
				92C5811A2644472800E062A0 /* DocumentViewController.swift */,
				92C2264D26542E8C00FB5D97 /* DocumentBrowserViewController.swift */,
				92C336182655DA8800AF6F4F /* ToolbarController.swift */,
			);
			path = "View Controllers";
			sourceTree = "<group>";
		};
/* End PBXGroup section */

/* Begin PBXHeadersBuildPhase section */
		92B32764273BFDE30071B0C4 /* Headers */ = {
			isa = PBXHeadersBuildPhase;
			buildActionMask = 2147483647;
			files = (
				92B32779273BFDE40071B0C4 /* Pilcrow.h in Headers */,
			);
			runOnlyForDeploymentPostprocessing = 0;
		};
/* End PBXHeadersBuildPhase section */

/* Begin PBXNativeTarget section */
		92B32768273BFDE30071B0C4 /* Pilcrow */ = {
			isa = PBXNativeTarget;
			buildConfigurationList = 92B3277A273BFDE40071B0C4 /* Build configuration list for PBXNativeTarget "Pilcrow" */;
			buildPhases = (
				92B32764273BFDE30071B0C4 /* Headers */,
				92B32765273BFDE30071B0C4 /* Sources */,
				92B32766273BFDE30071B0C4 /* Frameworks */,
				92B32767273BFDE30071B0C4 /* Resources */,
			);
			buildRules = (
			);
			dependencies = (
			);
			name = Pilcrow;
			productName = Pilcrow;
			productReference = 92B32769273BFDE30071B0C4 /* Pilcrow.framework */;
			productType = "com.apple.product-type.framework";
		};
		92B32771273BFDE40071B0C4 /* Tests */ = {
			isa = PBXNativeTarget;
			buildConfigurationList = 92B3277D273BFDE40071B0C4 /* Build configuration list for PBXNativeTarget "Tests" */;
			buildPhases = (
				92B3276E273BFDE40071B0C4 /* Sources */,
				92B3276F273BFDE40071B0C4 /* Frameworks */,
				92B32770273BFDE40071B0C4 /* Resources */,
			);
			buildRules = (
			);
			dependencies = (
				92B32775273BFDE40071B0C4 /* PBXTargetDependency */,
			);
			name = Tests;
			productName = PilcrowTests;
			productReference = 92B32772273BFDE40071B0C4 /* Tests.xctest */;
			productType = "com.apple.product-type.bundle.unit-test";
		};
		92B327A4273D98CB0071B0C4 /* Demo macOS */ = {
			isa = PBXNativeTarget;
			buildConfigurationList = 92B327B1273D98CC0071B0C4 /* Build configuration list for PBXNativeTarget "Demo macOS" */;
			buildPhases = (
				92B327A1273D98CB0071B0C4 /* Sources */,
				92B327A2273D98CB0071B0C4 /* Frameworks */,
				92B327A3273D98CB0071B0C4 /* Resources */,
				92B327BA273D99F20071B0C4 /* Embed Frameworks */,
			);
			buildRules = (
			);
			dependencies = (
				92B327B5273D98F10071B0C4 /* PBXTargetDependency */,
				92B327B9273D99F20071B0C4 /* PBXTargetDependency */,
			);
			name = "Demo macOS";
			productName = "Demo macOS";
			productReference = 92B327A5273D98CB0071B0C4 /* Pilcrow Demo.app */;
			productType = "com.apple.product-type.application";
		};
		92C581122644472800E062A0 /* Demo iOS */ = {
			isa = PBXNativeTarget;
			buildConfigurationList = 92C5813D2644472900E062A0 /* Build configuration list for PBXNativeTarget "Demo iOS" */;
			buildPhases = (
				92C5810F2644472800E062A0 /* Sources */,
				92C581102644472800E062A0 /* Frameworks */,
				92C581112644472800E062A0 /* Resources */,
				92B32794273D49D10071B0C4 /* Embed Frameworks */,
			);
			buildRules = (
			);
			dependencies = (
				92B3278E273D49BC0071B0C4 /* PBXTargetDependency */,
			);
			name = "Demo iOS";
			productName = Taper;
			productReference = 92C581132644472800E062A0 /* Pilcrow Demo.app */;
			productType = "com.apple.product-type.application";
		};
/* End PBXNativeTarget section */

/* Begin PBXProject section */
		92C5810B2644472700E062A0 /* Project object */ = {
			isa = PBXProject;
			attributes = {
				LastSwiftUpdateCheck = 1310;
				LastUpgradeCheck = 1310;
				TargetAttributes = {
					92B32768273BFDE30071B0C4 = {
						CreatedOnToolsVersion = 13.1;
					};
					92B32771273BFDE40071B0C4 = {
						CreatedOnToolsVersion = 13.1;
						LastSwiftMigration = 1310;
					};
					92B327A4273D98CB0071B0C4 = {
						CreatedOnToolsVersion = 13.1;
					};
					92C581122644472800E062A0 = {
						CreatedOnToolsVersion = 12.5;
					};
				};
			};
			buildConfigurationList = 92C5810E2644472700E062A0 /* Build configuration list for PBXProject "Pilcrow" */;
			compatibilityVersion = "Xcode 9.3";
			developmentRegion = en;
			hasScannedForEncodings = 0;
			knownRegions = (
				en,
				Base,
			);
			mainGroup = 92C5810A2644472700E062A0;
			productRefGroup = 92C581142644472800E062A0 /* Products */;
			projectDirPath = "";
			projectRoot = "";
			targets = (
				92C581122644472800E062A0 /* Demo iOS */,
				92B327A4273D98CB0071B0C4 /* Demo macOS */,
				92B32768273BFDE30071B0C4 /* Pilcrow */,
				92B32771273BFDE40071B0C4 /* Tests */,
			);
		};
/* End PBXProject section */

/* Begin PBXResourcesBuildPhase section */
		92B32767273BFDE30071B0C4 /* Resources */ = {
			isa = PBXResourcesBuildPhase;
			buildActionMask = 2147483647;
			files = (
			);
			runOnlyForDeploymentPostprocessing = 0;
		};
		92B32770273BFDE40071B0C4 /* Resources */ = {
			isa = PBXResourcesBuildPhase;
			buildActionMask = 2147483647;
			files = (
			);
			runOnlyForDeploymentPostprocessing = 0;
		};
		92B327A3273D98CB0071B0C4 /* Resources */ = {
			isa = PBXResourcesBuildPhase;
			buildActionMask = 2147483647;
			files = (
				92B327AC273D98CC0071B0C4 /* Assets.xcassets in Resources */,
				92B327AF273D98CC0071B0C4 /* Main.storyboard in Resources */,
			);
			runOnlyForDeploymentPostprocessing = 0;
		};
		92C581112644472800E062A0 /* Resources */ = {
			isa = PBXResourcesBuildPhase;
			buildActionMask = 2147483647;
			files = (
				92C581232644472800E062A0 /* LaunchScreen.storyboard in Resources */,
				92C581202644472800E062A0 /* Assets.xcassets in Resources */,
				92C5811E2644472800E062A0 /* Main.storyboard in Resources */,
			);
			runOnlyForDeploymentPostprocessing = 0;
		};
/* End PBXResourcesBuildPhase section */

/* Begin PBXSourcesBuildPhase section */
		92B32765273BFDE30071B0C4 /* Sources */ = {
			isa = PBXSourcesBuildPhase;
			buildActionMask = 2147483647;
			files = (
				920D371D274175A2007FD811 /* NSRangeExtensions.swift in Sources */,
				92B3278C273D49160071B0C4 /* Document.swift in Sources */,
				92B3279D273D4C910071B0C4 /* Editor.swift in Sources */,
				92B3279F273D4CF10071B0C4 /* EditResult.swift in Sources */,
				92B3278A273C04590071B0C4 /* BlockKind.swift in Sources */,
				92B3276D273BFDE30071B0C4 /* Pilcrow.docc in Sources */,
				92B32784273BFE4F0071B0C4 /* Block.swift in Sources */,
				92B3279C273D4C8D0071B0C4 /* TextEdit.swift in Sources */,
			);
			runOnlyForDeploymentPostprocessing = 0;
		};
		92B3276E273BFDE40071B0C4 /* Sources */ = {
			isa = PBXSourcesBuildPhase;
			buildActionMask = 2147483647;
			files = (
				92B32786273BFF510071B0C4 /* BlockTests.swift in Sources */,
				92B32788273C00710071B0C4 /* BlockKindTests.swift in Sources */,
			);
			runOnlyForDeploymentPostprocessing = 0;
		};
		92B327A1273D98CB0071B0C4 /* Sources */ = {
			isa = PBXSourcesBuildPhase;
			buildActionMask = 2147483647;
			files = (
				92B327E0273DCB5A0071B0C4 /* TodoCellView.swift in Sources */,
				92B327E2273DFB7B0071B0C4 /* TextCellView.swift in Sources */,
				92B327E6273DFC140071B0C4 /* TodoBlockViewModel.swift in Sources */,
				92B327C1273D9BB50071B0C4 /* BaseTextCellView.swift in Sources */,
				92B327EA273E042D0071B0C4 /* QuoteCellView.swift in Sources */,
				92B327AA273D98CB0071B0C4 /* DocumentViewController.swift in Sources */,
				92B327C3273D9D850071B0C4 /* PilcrowExtensions.swift in Sources */,
				92B327A8273D98CB0071B0C4 /* AppDelegate.swift in Sources */,
				92B327E8273E028B0071B0C4 /* ListItemCellView.swift in Sources */,
				92B327EC273E0C4A0071B0C4 /* TextView.swift in Sources */,
			);
			runOnlyForDeploymentPostprocessing = 0;
		};
		92C5810F2644472800E062A0 /* Sources */ = {
			isa = PBXSourcesBuildPhase;
			buildActionMask = 2147483647;
			files = (
				92973A952644BBAB00B836B5 /* TextStyle.swift in Sources */,
				924A7C7C2649D259003C5073 /* QuoteBlockCellView.swift in Sources */,
				92973A9F2645908C00B836B5 /* TextBlockCellView.swift in Sources */,
				928EF89B26444E7E00437680 /* BaseTextCellView.swift in Sources */,
				922590DE26471DC1000113B3 /* TodoBlockViewModel.swift in Sources */,
				922590DC26471D0F000113B3 /* ListItemBlockViewModel.swift in Sources */,
				92B17563264D77F60016C279 /* DividerBlockCellView.swift in Sources */,
				922590E026471E7E000113B3 /* TextBlockViewModel.swift in Sources */,
				928EF89726444AF000437680 /* PilcrowExtensions.swift in Sources */,
				924A7C7A2649C7AC003C5073 /* Metrics.swift in Sources */,
				92C5811B2644472800E062A0 /* DocumentViewController.swift in Sources */,
				92C22651265431C200FB5D97 /* DocumentFile.swift in Sources */,
				92C581172644472800E062A0 /* AppDelegate.swift in Sources */,
				92973AAA2645B20300B836B5 /* ListItemStyle.swift in Sources */,
				92B3279A273D4B180071B0C4 /* ColorBlockCellView.swift in Sources */,
				92973A9D26458E4200B836B5 /* FocusableView.swift in Sources */,
				928EF89D26444F1D00437680 /* TodoBlockCellView.swift in Sources */,
				92973AB12645BAB300B836B5 /* ReusableCell.swift in Sources */,
				92B17561264D77D10016C279 /* DividerBlockViewModel.swift in Sources */,
				92C336192655DA8800AF6F4F /* ToolbarController.swift in Sources */,
				92C2264E26542E8C00FB5D97 /* DocumentBrowserViewController.swift in Sources */,
				924A7C7E2649D2A7003C5073 /* QuoteBlockViewModel.swift in Sources */,
				92C581192644472800E062A0 /* SceneDelegate.swift in Sources */,
				92973A97264589FE00B836B5 /* ListItemBlockCellView.swift in Sources */,
				92B32798273D4A9D0071B0C4 /* ColorBlockViewModel.swift in Sources */,
			);
			runOnlyForDeploymentPostprocessing = 0;
		};
/* End PBXSourcesBuildPhase section */

/* Begin PBXTargetDependency section */
		92B32775273BFDE40071B0C4 /* PBXTargetDependency */ = {
			isa = PBXTargetDependency;
			target = 92B32768273BFDE30071B0C4 /* Pilcrow */;
			targetProxy = 92B32774273BFDE40071B0C4 /* PBXContainerItemProxy */;
		};
		92B3278E273D49BC0071B0C4 /* PBXTargetDependency */ = {
			isa = PBXTargetDependency;
			target = 92B32768273BFDE30071B0C4 /* Pilcrow */;
			targetProxy = 92B3278D273D49BC0071B0C4 /* PBXContainerItemProxy */;
		};
		92B327B5273D98F10071B0C4 /* PBXTargetDependency */ = {
			isa = PBXTargetDependency;
			target = 92B32768273BFDE30071B0C4 /* Pilcrow */;
			targetProxy = 92B327B4273D98F10071B0C4 /* PBXContainerItemProxy */;
		};
		92B327B9273D99F20071B0C4 /* PBXTargetDependency */ = {
			isa = PBXTargetDependency;
			target = 92B32768273BFDE30071B0C4 /* Pilcrow */;
			targetProxy = 92B327B8273D99F20071B0C4 /* PBXContainerItemProxy */;
		};
/* End PBXTargetDependency section */

/* Begin PBXVariantGroup section */
		92B327AD273D98CC0071B0C4 /* Main.storyboard */ = {
			isa = PBXVariantGroup;
			children = (
				92B327AE273D98CC0071B0C4 /* Base */,
			);
			name = Main.storyboard;
			sourceTree = "<group>";
		};
		92C5811C2644472800E062A0 /* Main.storyboard */ = {
			isa = PBXVariantGroup;
			children = (
				92C5811D2644472800E062A0 /* Base */,
			);
			name = Main.storyboard;
			sourceTree = "<group>";
		};
		92C581212644472800E062A0 /* LaunchScreen.storyboard */ = {
			isa = PBXVariantGroup;
			children = (
				92C581222644472800E062A0 /* Base */,
			);
			name = LaunchScreen.storyboard;
			sourceTree = "<group>";
		};
/* End PBXVariantGroup section */

/* Begin XCBuildConfiguration section */
		92B3277B273BFDE40071B0C4 /* Debug */ = {
			isa = XCBuildConfiguration;
			buildSettings = {
				ALLOW_TARGET_PLATFORM_SPECIALIZATION = YES;
				CLANG_CXX_LANGUAGE_STANDARD = "gnu++17";
				CODE_SIGN_STYLE = Automatic;
				CURRENT_PROJECT_VERSION = 1;
				DEFINES_MODULE = YES;
				DEVELOPMENT_TEAM = 8G73Z8AA5M;
				DYLIB_COMPATIBILITY_VERSION = 1;
				DYLIB_CURRENT_VERSION = 1;
				DYLIB_INSTALL_NAME_BASE = "@rpath";
				GENERATE_INFOPLIST_FILE = YES;
				INFOPLIST_KEY_NSHumanReadableCopyright = "";
				INSTALL_PATH = "$(LOCAL_LIBRARY_DIR)/Frameworks";
				LD_RUNPATH_SEARCH_PATHS = (
					"$(inherited)",
					"@executable_path/Frameworks",
					"@loader_path/Frameworks",
				);
				MARKETING_VERSION = 1.0;
				PRODUCT_BUNDLE_IDENTIFIER = com.zachwaugh.Pilcrow;
				PRODUCT_NAME = "$(TARGET_NAME:c99extidentifier)";
				SKIP_INSTALL = YES;
				SUPPORTED_PLATFORMS = "watchsimulator watchos macosx iphonesimulator iphoneos driverkit appletvsimulator appletvos";
				SUPPORTS_MACCATALYST = YES;
				SWIFT_EMIT_LOC_STRINGS = YES;
				SWIFT_VERSION = 5.0;
				TARGETED_DEVICE_FAMILY = "1,2";
				VERSIONING_SYSTEM = "apple-generic";
				VERSION_INFO_PREFIX = "";
			};
			name = Debug;
		};
		92B3277C273BFDE40071B0C4 /* Release */ = {
			isa = XCBuildConfiguration;
			buildSettings = {
				ALLOW_TARGET_PLATFORM_SPECIALIZATION = YES;
				CLANG_CXX_LANGUAGE_STANDARD = "gnu++17";
				CODE_SIGN_STYLE = Automatic;
				CURRENT_PROJECT_VERSION = 1;
				DEFINES_MODULE = YES;
				DEVELOPMENT_TEAM = 8G73Z8AA5M;
				DYLIB_COMPATIBILITY_VERSION = 1;
				DYLIB_CURRENT_VERSION = 1;
				DYLIB_INSTALL_NAME_BASE = "@rpath";
				GENERATE_INFOPLIST_FILE = YES;
				INFOPLIST_KEY_NSHumanReadableCopyright = "";
				INSTALL_PATH = "$(LOCAL_LIBRARY_DIR)/Frameworks";
				LD_RUNPATH_SEARCH_PATHS = (
					"$(inherited)",
					"@executable_path/Frameworks",
					"@loader_path/Frameworks",
				);
				MARKETING_VERSION = 1.0;
				PRODUCT_BUNDLE_IDENTIFIER = com.zachwaugh.Pilcrow;
				PRODUCT_NAME = "$(TARGET_NAME:c99extidentifier)";
				SKIP_INSTALL = YES;
				SUPPORTED_PLATFORMS = "watchsimulator watchos macosx iphonesimulator iphoneos driverkit appletvsimulator appletvos";
				SUPPORTS_MACCATALYST = YES;
				SWIFT_EMIT_LOC_STRINGS = YES;
				SWIFT_VERSION = 5.0;
				TARGETED_DEVICE_FAMILY = "1,2";
				VERSIONING_SYSTEM = "apple-generic";
				VERSION_INFO_PREFIX = "";
			};
			name = Release;
		};
		92B3277E273BFDE40071B0C4 /* Debug */ = {
			isa = XCBuildConfiguration;
			buildSettings = {
				ALWAYS_EMBED_SWIFT_STANDARD_LIBRARIES = YES;
				CLANG_CXX_LANGUAGE_STANDARD = "gnu++17";
				CLANG_ENABLE_MODULES = YES;
				CODE_SIGN_STYLE = Automatic;
				CURRENT_PROJECT_VERSION = 1;
				DEVELOPMENT_TEAM = 8G73Z8AA5M;
				GENERATE_INFOPLIST_FILE = YES;
				LD_RUNPATH_SEARCH_PATHS = (
					"$(inherited)",
					"@executable_path/Frameworks",
					"@loader_path/Frameworks",
				);
				MARKETING_VERSION = 1.0;
				PRODUCT_BUNDLE_IDENTIFIER = com.zachwaugh.pilcrow.tests;
				PRODUCT_NAME = "$(TARGET_NAME)";
				SWIFT_EMIT_LOC_STRINGS = NO;
				SWIFT_OPTIMIZATION_LEVEL = "-Onone";
				SWIFT_VERSION = 5.0;
				TARGETED_DEVICE_FAMILY = "1,2";
			};
			name = Debug;
		};
		92B3277F273BFDE40071B0C4 /* Release */ = {
			isa = XCBuildConfiguration;
			buildSettings = {
				ALWAYS_EMBED_SWIFT_STANDARD_LIBRARIES = YES;
				CLANG_CXX_LANGUAGE_STANDARD = "gnu++17";
				CLANG_ENABLE_MODULES = YES;
				CODE_SIGN_STYLE = Automatic;
				CURRENT_PROJECT_VERSION = 1;
				DEVELOPMENT_TEAM = 8G73Z8AA5M;
				GENERATE_INFOPLIST_FILE = YES;
				LD_RUNPATH_SEARCH_PATHS = (
					"$(inherited)",
					"@executable_path/Frameworks",
					"@loader_path/Frameworks",
				);
				MARKETING_VERSION = 1.0;
				PRODUCT_BUNDLE_IDENTIFIER = com.zachwaugh.pilcrow.tests;
				PRODUCT_NAME = "$(TARGET_NAME)";
				SWIFT_EMIT_LOC_STRINGS = NO;
				SWIFT_VERSION = 5.0;
				TARGETED_DEVICE_FAMILY = "1,2";
			};
			name = Release;
		};
		92B327B2273D98CC0071B0C4 /* Debug */ = {
			isa = XCBuildConfiguration;
			buildSettings = {
				ASSETCATALOG_COMPILER_APPICON_NAME = AppIcon;
				ASSETCATALOG_COMPILER_GLOBAL_ACCENT_COLOR_NAME = AccentColor;
				CLANG_CXX_LANGUAGE_STANDARD = "gnu++17";
				CODE_SIGN_ENTITLEMENTS = Demo/macOS/Demo_macOS.entitlements;
				CODE_SIGN_IDENTITY = "Apple Development";
				CODE_SIGN_STYLE = Automatic;
				COMBINE_HIDPI_IMAGES = YES;
				CURRENT_PROJECT_VERSION = 1;
				DEVELOPMENT_TEAM = 8G73Z8AA5M;
				ENABLE_HARDENED_RUNTIME = YES;
				GENERATE_INFOPLIST_FILE = YES;
				INFOPLIST_KEY_NSHumanReadableCopyright = "";
				INFOPLIST_KEY_NSMainStoryboardFile = Main;
				INFOPLIST_KEY_NSPrincipalClass = NSApplication;
				LD_RUNPATH_SEARCH_PATHS = (
					"$(inherited)",
					"@executable_path/../Frameworks",
				);
				MACOSX_DEPLOYMENT_TARGET = 12.0;
				MARKETING_VERSION = 1.0;
				PRODUCT_BUNDLE_IDENTIFIER = "com.zachwaugh.pilcrow.demo.macos.Demo-macOS";
				PRODUCT_NAME = "Pilcrow Demo";
				SDKROOT = macosx;
				SWIFT_EMIT_LOC_STRINGS = YES;
				SWIFT_VERSION = 5.0;
			};
			name = Debug;
		};
		92B327B3273D98CC0071B0C4 /* Release */ = {
			isa = XCBuildConfiguration;
			buildSettings = {
				ASSETCATALOG_COMPILER_APPICON_NAME = AppIcon;
				ASSETCATALOG_COMPILER_GLOBAL_ACCENT_COLOR_NAME = AccentColor;
				CLANG_CXX_LANGUAGE_STANDARD = "gnu++17";
				CODE_SIGN_ENTITLEMENTS = Demo/macOS/Demo_macOS.entitlements;
				CODE_SIGN_IDENTITY = "-";
				CODE_SIGN_STYLE = Automatic;
				COMBINE_HIDPI_IMAGES = YES;
				CURRENT_PROJECT_VERSION = 1;
				DEVELOPMENT_TEAM = 8G73Z8AA5M;
				ENABLE_HARDENED_RUNTIME = YES;
				GENERATE_INFOPLIST_FILE = YES;
				INFOPLIST_KEY_NSHumanReadableCopyright = "";
				INFOPLIST_KEY_NSMainStoryboardFile = Main;
				INFOPLIST_KEY_NSPrincipalClass = NSApplication;
				LD_RUNPATH_SEARCH_PATHS = (
					"$(inherited)",
					"@executable_path/../Frameworks",
				);
				MACOSX_DEPLOYMENT_TARGET = 12.0;
				MARKETING_VERSION = 1.0;
				PRODUCT_BUNDLE_IDENTIFIER = "com.zachwaugh.pilcrow.demo.macos.Demo-macOS";
				PRODUCT_NAME = "Pilcrow Demo";
				SDKROOT = macosx;
				SWIFT_EMIT_LOC_STRINGS = YES;
				SWIFT_VERSION = 5.0;
			};
			name = Release;
		};
		92C5813B2644472900E062A0 /* Debug */ = {
			isa = XCBuildConfiguration;
			buildSettings = {
				ALWAYS_SEARCH_USER_PATHS = NO;
				CLANG_ANALYZER_NONNULL = YES;
				CLANG_ANALYZER_NUMBER_OBJECT_CONVERSION = YES_AGGRESSIVE;
				CLANG_CXX_LANGUAGE_STANDARD = "gnu++14";
				CLANG_CXX_LIBRARY = "libc++";
				CLANG_ENABLE_MODULES = YES;
				CLANG_ENABLE_OBJC_ARC = YES;
				CLANG_ENABLE_OBJC_WEAK = YES;
				CLANG_WARN_BLOCK_CAPTURE_AUTORELEASING = YES;
				CLANG_WARN_BOOL_CONVERSION = YES;
				CLANG_WARN_COMMA = YES;
				CLANG_WARN_CONSTANT_CONVERSION = YES;
				CLANG_WARN_DEPRECATED_OBJC_IMPLEMENTATIONS = YES;
				CLANG_WARN_DIRECT_OBJC_ISA_USAGE = YES_ERROR;
				CLANG_WARN_DOCUMENTATION_COMMENTS = YES;
				CLANG_WARN_EMPTY_BODY = YES;
				CLANG_WARN_ENUM_CONVERSION = YES;
				CLANG_WARN_INFINITE_RECURSION = YES;
				CLANG_WARN_INT_CONVERSION = YES;
				CLANG_WARN_NON_LITERAL_NULL_CONVERSION = YES;
				CLANG_WARN_OBJC_IMPLICIT_RETAIN_SELF = YES;
				CLANG_WARN_OBJC_LITERAL_CONVERSION = YES;
				CLANG_WARN_OBJC_ROOT_CLASS = YES_ERROR;
				CLANG_WARN_QUOTED_INCLUDE_IN_FRAMEWORK_HEADER = YES;
				CLANG_WARN_RANGE_LOOP_ANALYSIS = YES;
				CLANG_WARN_STRICT_PROTOTYPES = YES;
				CLANG_WARN_SUSPICIOUS_MOVE = YES;
				CLANG_WARN_UNGUARDED_AVAILABILITY = YES_AGGRESSIVE;
				CLANG_WARN_UNREACHABLE_CODE = YES;
				CLANG_WARN__DUPLICATE_METHOD_MATCH = YES;
				COPY_PHASE_STRIP = NO;
				DEBUG_INFORMATION_FORMAT = dwarf;
				ENABLE_STRICT_OBJC_MSGSEND = YES;
				ENABLE_TESTABILITY = YES;
				GCC_C_LANGUAGE_STANDARD = gnu11;
				GCC_DYNAMIC_NO_PIC = NO;
				GCC_NO_COMMON_BLOCKS = YES;
				GCC_OPTIMIZATION_LEVEL = 0;
				GCC_PREPROCESSOR_DEFINITIONS = (
					"DEBUG=1",
					"$(inherited)",
				);
				GCC_WARN_64_TO_32_BIT_CONVERSION = YES;
				GCC_WARN_ABOUT_RETURN_TYPE = YES_ERROR;
				GCC_WARN_UNDECLARED_SELECTOR = YES;
				GCC_WARN_UNINITIALIZED_AUTOS = YES_AGGRESSIVE;
				GCC_WARN_UNUSED_FUNCTION = YES;
				GCC_WARN_UNUSED_VARIABLE = YES;
				IPHONEOS_DEPLOYMENT_TARGET = 15.0;
				MTL_ENABLE_DEBUG_INFO = INCLUDE_SOURCE;
				MTL_FAST_MATH = YES;
				ONLY_ACTIVE_ARCH = YES;
				SDKROOT = iphoneos;
				SWIFT_ACTIVE_COMPILATION_CONDITIONS = DEBUG;
				SWIFT_OPTIMIZATION_LEVEL = "-Onone";
			};
			name = Debug;
		};
		92C5813C2644472900E062A0 /* Release */ = {
			isa = XCBuildConfiguration;
			buildSettings = {
				ALWAYS_SEARCH_USER_PATHS = NO;
				CLANG_ANALYZER_NONNULL = YES;
				CLANG_ANALYZER_NUMBER_OBJECT_CONVERSION = YES_AGGRESSIVE;
				CLANG_CXX_LANGUAGE_STANDARD = "gnu++14";
				CLANG_CXX_LIBRARY = "libc++";
				CLANG_ENABLE_MODULES = YES;
				CLANG_ENABLE_OBJC_ARC = YES;
				CLANG_ENABLE_OBJC_WEAK = YES;
				CLANG_WARN_BLOCK_CAPTURE_AUTORELEASING = YES;
				CLANG_WARN_BOOL_CONVERSION = YES;
				CLANG_WARN_COMMA = YES;
				CLANG_WARN_CONSTANT_CONVERSION = YES;
				CLANG_WARN_DEPRECATED_OBJC_IMPLEMENTATIONS = YES;
				CLANG_WARN_DIRECT_OBJC_ISA_USAGE = YES_ERROR;
				CLANG_WARN_DOCUMENTATION_COMMENTS = YES;
				CLANG_WARN_EMPTY_BODY = YES;
				CLANG_WARN_ENUM_CONVERSION = YES;
				CLANG_WARN_INFINITE_RECURSION = YES;
				CLANG_WARN_INT_CONVERSION = YES;
				CLANG_WARN_NON_LITERAL_NULL_CONVERSION = YES;
				CLANG_WARN_OBJC_IMPLICIT_RETAIN_SELF = YES;
				CLANG_WARN_OBJC_LITERAL_CONVERSION = YES;
				CLANG_WARN_OBJC_ROOT_CLASS = YES_ERROR;
				CLANG_WARN_QUOTED_INCLUDE_IN_FRAMEWORK_HEADER = YES;
				CLANG_WARN_RANGE_LOOP_ANALYSIS = YES;
				CLANG_WARN_STRICT_PROTOTYPES = YES;
				CLANG_WARN_SUSPICIOUS_MOVE = YES;
				CLANG_WARN_UNGUARDED_AVAILABILITY = YES_AGGRESSIVE;
				CLANG_WARN_UNREACHABLE_CODE = YES;
				CLANG_WARN__DUPLICATE_METHOD_MATCH = YES;
				COPY_PHASE_STRIP = NO;
				DEBUG_INFORMATION_FORMAT = "dwarf-with-dsym";
				ENABLE_NS_ASSERTIONS = NO;
				ENABLE_STRICT_OBJC_MSGSEND = YES;
				GCC_C_LANGUAGE_STANDARD = gnu11;
				GCC_NO_COMMON_BLOCKS = YES;
				GCC_WARN_64_TO_32_BIT_CONVERSION = YES;
				GCC_WARN_ABOUT_RETURN_TYPE = YES_ERROR;
				GCC_WARN_UNDECLARED_SELECTOR = YES;
				GCC_WARN_UNINITIALIZED_AUTOS = YES_AGGRESSIVE;
				GCC_WARN_UNUSED_FUNCTION = YES;
				GCC_WARN_UNUSED_VARIABLE = YES;
				IPHONEOS_DEPLOYMENT_TARGET = 15.0;
				MTL_ENABLE_DEBUG_INFO = NO;
				MTL_FAST_MATH = YES;
				SDKROOT = iphoneos;
				SWIFT_COMPILATION_MODE = wholemodule;
				SWIFT_OPTIMIZATION_LEVEL = "-O";
				VALIDATE_PRODUCT = YES;
			};
			name = Release;
		};
		92C5813E2644472900E062A0 /* Debug */ = {
			isa = XCBuildConfiguration;
			buildSettings = {
				ASSETCATALOG_COMPILER_APPICON_NAME = AppIcon;
				ASSETCATALOG_COMPILER_GLOBAL_ACCENT_COLOR_NAME = AccentColor;
				CODE_SIGN_ENTITLEMENTS = Demo/Pilcrow.entitlements;
				CODE_SIGN_STYLE = Automatic;
				DEVELOPMENT_TEAM = 8G73Z8AA5M;
				INFOPLIST_FILE = Demo/iOS/Info.plist;
				LD_RUNPATH_SEARCH_PATHS = (
					"$(inherited)",
					"@executable_path/Frameworks",
				);
				PRODUCT_BUNDLE_IDENTIFIER = "com.zachwaugh.pilcrow-demo";
				PRODUCT_NAME = "Pilcrow Demo";
				SUPPORTS_MACCATALYST = NO;
				SWIFT_VERSION = 5.0;
				TARGETED_DEVICE_FAMILY = "1,2";
			};
			name = Debug;
		};
		92C5813F2644472900E062A0 /* Release */ = {
			isa = XCBuildConfiguration;
			buildSettings = {
				ASSETCATALOG_COMPILER_APPICON_NAME = AppIcon;
				ASSETCATALOG_COMPILER_GLOBAL_ACCENT_COLOR_NAME = AccentColor;
				CODE_SIGN_ENTITLEMENTS = Demo/Pilcrow.entitlements;
				CODE_SIGN_STYLE = Automatic;
				DEVELOPMENT_TEAM = 8G73Z8AA5M;
				INFOPLIST_FILE = Demo/iOS/Info.plist;
				LD_RUNPATH_SEARCH_PATHS = (
					"$(inherited)",
					"@executable_path/Frameworks",
				);
				PRODUCT_BUNDLE_IDENTIFIER = "com.zachwaugh.pilcrow-demo";
				PRODUCT_NAME = "Pilcrow Demo";
				SUPPORTS_MACCATALYST = NO;
				SWIFT_VERSION = 5.0;
				TARGETED_DEVICE_FAMILY = "1,2";
			};
			name = Release;
		};
/* End XCBuildConfiguration section */

/* Begin XCConfigurationList section */
		92B3277A273BFDE40071B0C4 /* Build configuration list for PBXNativeTarget "Pilcrow" */ = {
			isa = XCConfigurationList;
			buildConfigurations = (
				92B3277B273BFDE40071B0C4 /* Debug */,
				92B3277C273BFDE40071B0C4 /* Release */,
			);
			defaultConfigurationIsVisible = 0;
			defaultConfigurationName = Release;
		};
		92B3277D273BFDE40071B0C4 /* Build configuration list for PBXNativeTarget "Tests" */ = {
			isa = XCConfigurationList;
			buildConfigurations = (
				92B3277E273BFDE40071B0C4 /* Debug */,
				92B3277F273BFDE40071B0C4 /* Release */,
			);
			defaultConfigurationIsVisible = 0;
			defaultConfigurationName = Release;
		};
		92B327B1273D98CC0071B0C4 /* Build configuration list for PBXNativeTarget "Demo macOS" */ = {
			isa = XCConfigurationList;
			buildConfigurations = (
				92B327B2273D98CC0071B0C4 /* Debug */,
				92B327B3273D98CC0071B0C4 /* Release */,
			);
			defaultConfigurationIsVisible = 0;
			defaultConfigurationName = Release;
		};
		92C5810E2644472700E062A0 /* Build configuration list for PBXProject "Pilcrow" */ = {
			isa = XCConfigurationList;
			buildConfigurations = (
				92C5813B2644472900E062A0 /* Debug */,
				92C5813C2644472900E062A0 /* Release */,
			);
			defaultConfigurationIsVisible = 0;
			defaultConfigurationName = Release;
		};
		92C5813D2644472900E062A0 /* Build configuration list for PBXNativeTarget "Demo iOS" */ = {
			isa = XCConfigurationList;
			buildConfigurations = (
				92C5813E2644472900E062A0 /* Debug */,
				92C5813F2644472900E062A0 /* Release */,
			);
			defaultConfigurationIsVisible = 0;
			defaultConfigurationName = Release;
		};
/* End XCConfigurationList section */
	};
	rootObject = 92C5810B2644472700E062A0 /* Project object */;
}
