// !$*UTF8*$!
{
	archiveVersion = 1;
	classes = {
	};
	objectVersion = 50;
	objects = {

/* Begin PBXBuildFile section */
		922590D5264718A5000113B3 /* DocumentTests.swift in Sources */ = {isa = PBXBuildFile; fileRef = 922590D4264718A5000113B3 /* DocumentTests.swift */; };
		922590D726471C2A000113B3 /* BlockContent.swift in Sources */ = {isa = PBXBuildFile; fileRef = 922590D626471C2A000113B3 /* BlockContent.swift */; };
		922590D926471C8D000113B3 /* ListItemBlockTests.swift in Sources */ = {isa = PBXBuildFile; fileRef = 922590D826471C8D000113B3 /* ListItemBlockTests.swift */; };
		922590DC26471D0F000113B3 /* ListItemBlockViewModel.swift in Sources */ = {isa = PBXBuildFile; fileRef = 922590DB26471D0F000113B3 /* ListItemBlockViewModel.swift */; };
		922590DE26471DC1000113B3 /* TodoBlockViewModel.swift in Sources */ = {isa = PBXBuildFile; fileRef = 922590DD26471DC1000113B3 /* TodoBlockViewModel.swift */; };
		922590E026471E7E000113B3 /* TextBlockViewModel.swift in Sources */ = {isa = PBXBuildFile; fileRef = 922590DF26471E7E000113B3 /* TextBlockViewModel.swift */; };
		928EF89726444AF000437680 /* Document.swift in Sources */ = {isa = PBXBuildFile; fileRef = 928EF89626444AF000437680 /* Document.swift */; };
		928EF89B26444E7E00437680 /* BaseTextCellView.swift in Sources */ = {isa = PBXBuildFile; fileRef = 928EF89A26444E7E00437680 /* BaseTextCellView.swift */; };
		928EF89D26444F1D00437680 /* TodoBlockCellView.swift in Sources */ = {isa = PBXBuildFile; fileRef = 928EF89C26444F1D00437680 /* TodoBlockCellView.swift */; };
		928EF8A02644610400437680 /* Block.swift in Sources */ = {isa = PBXBuildFile; fileRef = 928EF89F2644610400437680 /* Block.swift */; };
		92973A952644BBAB00B836B5 /* TextStyle.swift in Sources */ = {isa = PBXBuildFile; fileRef = 92973A942644BBAB00B836B5 /* TextStyle.swift */; };
		92973A97264589FE00B836B5 /* ListItemBlockCellView.swift in Sources */ = {isa = PBXBuildFile; fileRef = 92973A96264589FE00B836B5 /* ListItemBlockCellView.swift */; };
		92973A9A26458D4A00B836B5 /* TextEdit.swift in Sources */ = {isa = PBXBuildFile; fileRef = 92973A9926458D4A00B836B5 /* TextEdit.swift */; };
		92973A9D26458E4200B836B5 /* FocusableView.swift in Sources */ = {isa = PBXBuildFile; fileRef = 92973A9C26458E4200B836B5 /* FocusableView.swift */; };
		92973A9F2645908C00B836B5 /* TextBlockCellView.swift in Sources */ = {isa = PBXBuildFile; fileRef = 92973A9E2645908C00B836B5 /* TextBlockCellView.swift */; };
		92973AA22645B1AD00B836B5 /* TextBlock.swift in Sources */ = {isa = PBXBuildFile; fileRef = 92973AA12645B1AD00B836B5 /* TextBlock.swift */; };
		92973AA42645B1CA00B836B5 /* TodoBlock.swift in Sources */ = {isa = PBXBuildFile; fileRef = 92973AA32645B1CA00B836B5 /* TodoBlock.swift */; };
		92973AA82645B1EB00B836B5 /* ListItemBlock.swift in Sources */ = {isa = PBXBuildFile; fileRef = 92973AA72645B1EB00B836B5 /* ListItemBlock.swift */; };
		92973AAA2645B20300B836B5 /* ListItemStyle.swift in Sources */ = {isa = PBXBuildFile; fileRef = 92973AA92645B20300B836B5 /* ListItemStyle.swift */; };
		92973AAC2645B32D00B836B5 /* DocumentsViewController.swift in Sources */ = {isa = PBXBuildFile; fileRef = 92973AAB2645B32D00B836B5 /* DocumentsViewController.swift */; };
		92973AAE2645B9B200B836B5 /* BlockKind.swift in Sources */ = {isa = PBXBuildFile; fileRef = 92973AAD2645B9B200B836B5 /* BlockKind.swift */; };
		92973AB12645BAB300B836B5 /* ReusableCell.swift in Sources */ = {isa = PBXBuildFile; fileRef = 92973AB02645BAB300B836B5 /* ReusableCell.swift */; };
		92973AB42645E3B500B836B5 /* DocumentEditor.swift in Sources */ = {isa = PBXBuildFile; fileRef = 92973AB32645E3B500B836B5 /* DocumentEditor.swift */; };
		92C581172644472800E062A0 /* AppDelegate.swift in Sources */ = {isa = PBXBuildFile; fileRef = 92C581162644472800E062A0 /* AppDelegate.swift */; };
		92C581192644472800E062A0 /* SceneDelegate.swift in Sources */ = {isa = PBXBuildFile; fileRef = 92C581182644472800E062A0 /* SceneDelegate.swift */; };
		92C5811B2644472800E062A0 /* DocumentViewController.swift in Sources */ = {isa = PBXBuildFile; fileRef = 92C5811A2644472800E062A0 /* DocumentViewController.swift */; };
		92C5811E2644472800E062A0 /* Main.storyboard in Resources */ = {isa = PBXBuildFile; fileRef = 92C5811C2644472800E062A0 /* Main.storyboard */; };
		92C581202644472800E062A0 /* Assets.xcassets in Resources */ = {isa = PBXBuildFile; fileRef = 92C5811F2644472800E062A0 /* Assets.xcassets */; };
		92C581232644472800E062A0 /* LaunchScreen.storyboard in Resources */ = {isa = PBXBuildFile; fileRef = 92C581212644472800E062A0 /* LaunchScreen.storyboard */; };
		92C581392644472900E062A0 /* TaperUITests.swift in Sources */ = {isa = PBXBuildFile; fileRef = 92C581382644472900E062A0 /* TaperUITests.swift */; };
/* End PBXBuildFile section */

/* Begin PBXContainerItemProxy section */
		92C5812A2644472900E062A0 /* PBXContainerItemProxy */ = {
			isa = PBXContainerItemProxy;
			containerPortal = 92C5810B2644472700E062A0 /* Project object */;
			proxyType = 1;
			remoteGlobalIDString = 92C581122644472800E062A0;
			remoteInfo = Taper;
		};
		92C581352644472900E062A0 /* PBXContainerItemProxy */ = {
			isa = PBXContainerItemProxy;
			containerPortal = 92C5810B2644472700E062A0 /* Project object */;
			proxyType = 1;
			remoteGlobalIDString = 92C581122644472800E062A0;
			remoteInfo = Taper;
		};
/* End PBXContainerItemProxy section */

/* Begin PBXFileReference section */
		922590D4264718A5000113B3 /* DocumentTests.swift */ = {isa = PBXFileReference; lastKnownFileType = sourcecode.swift; path = DocumentTests.swift; sourceTree = "<group>"; };
		922590D626471C2A000113B3 /* BlockContent.swift */ = {isa = PBXFileReference; lastKnownFileType = sourcecode.swift; path = BlockContent.swift; sourceTree = "<group>"; };
		922590D826471C8D000113B3 /* ListItemBlockTests.swift */ = {isa = PBXFileReference; lastKnownFileType = sourcecode.swift; path = ListItemBlockTests.swift; sourceTree = "<group>"; };
		922590DB26471D0F000113B3 /* ListItemBlockViewModel.swift */ = {isa = PBXFileReference; lastKnownFileType = sourcecode.swift; path = ListItemBlockViewModel.swift; sourceTree = "<group>"; };
		922590DD26471DC1000113B3 /* TodoBlockViewModel.swift */ = {isa = PBXFileReference; lastKnownFileType = sourcecode.swift; path = TodoBlockViewModel.swift; sourceTree = "<group>"; };
		922590DF26471E7E000113B3 /* TextBlockViewModel.swift */ = {isa = PBXFileReference; lastKnownFileType = sourcecode.swift; path = TextBlockViewModel.swift; sourceTree = "<group>"; };
		928EF89626444AF000437680 /* Document.swift */ = {isa = PBXFileReference; lastKnownFileType = sourcecode.swift; path = Document.swift; sourceTree = "<group>"; };
		928EF89A26444E7E00437680 /* BaseTextCellView.swift */ = {isa = PBXFileReference; lastKnownFileType = sourcecode.swift; path = BaseTextCellView.swift; sourceTree = "<group>"; };
		928EF89C26444F1D00437680 /* TodoBlockCellView.swift */ = {isa = PBXFileReference; lastKnownFileType = sourcecode.swift; path = TodoBlockCellView.swift; sourceTree = "<group>"; };
		928EF89F2644610400437680 /* Block.swift */ = {isa = PBXFileReference; lastKnownFileType = sourcecode.swift; path = Block.swift; sourceTree = "<group>"; };
		928EF8C32644816700437680 /* Taper.entitlements */ = {isa = PBXFileReference; lastKnownFileType = text.plist.entitlements; path = Taper.entitlements; sourceTree = "<group>"; };
		92973A942644BBAB00B836B5 /* TextStyle.swift */ = {isa = PBXFileReference; lastKnownFileType = sourcecode.swift; path = TextStyle.swift; sourceTree = "<group>"; };
		92973A96264589FE00B836B5 /* ListItemBlockCellView.swift */ = {isa = PBXFileReference; lastKnownFileType = sourcecode.swift; path = ListItemBlockCellView.swift; sourceTree = "<group>"; };
		92973A9926458D4A00B836B5 /* TextEdit.swift */ = {isa = PBXFileReference; lastKnownFileType = sourcecode.swift; path = TextEdit.swift; sourceTree = "<group>"; };
		92973A9C26458E4200B836B5 /* FocusableView.swift */ = {isa = PBXFileReference; lastKnownFileType = sourcecode.swift; path = FocusableView.swift; sourceTree = "<group>"; };
		92973A9E2645908C00B836B5 /* TextBlockCellView.swift */ = {isa = PBXFileReference; lastKnownFileType = sourcecode.swift; path = TextBlockCellView.swift; sourceTree = "<group>"; };
		92973AA12645B1AD00B836B5 /* TextBlock.swift */ = {isa = PBXFileReference; lastKnownFileType = sourcecode.swift; path = TextBlock.swift; sourceTree = "<group>"; };
		92973AA32645B1CA00B836B5 /* TodoBlock.swift */ = {isa = PBXFileReference; lastKnownFileType = sourcecode.swift; path = TodoBlock.swift; sourceTree = "<group>"; };
		92973AA72645B1EB00B836B5 /* ListItemBlock.swift */ = {isa = PBXFileReference; lastKnownFileType = sourcecode.swift; path = ListItemBlock.swift; sourceTree = "<group>"; };
		92973AA92645B20300B836B5 /* ListItemStyle.swift */ = {isa = PBXFileReference; lastKnownFileType = sourcecode.swift; path = ListItemStyle.swift; sourceTree = "<group>"; };
		92973AAB2645B32D00B836B5 /* DocumentsViewController.swift */ = {isa = PBXFileReference; lastKnownFileType = sourcecode.swift; path = DocumentsViewController.swift; sourceTree = "<group>"; };
		92973AAD2645B9B200B836B5 /* BlockKind.swift */ = {isa = PBXFileReference; lastKnownFileType = sourcecode.swift; path = BlockKind.swift; sourceTree = "<group>"; };
		92973AB02645BAB300B836B5 /* ReusableCell.swift */ = {isa = PBXFileReference; lastKnownFileType = sourcecode.swift; path = ReusableCell.swift; sourceTree = "<group>"; };
		92973AB32645E3B500B836B5 /* DocumentEditor.swift */ = {isa = PBXFileReference; lastKnownFileType = sourcecode.swift; path = DocumentEditor.swift; sourceTree = "<group>"; };
		92C581132644472800E062A0 /* Taper.app */ = {isa = PBXFileReference; explicitFileType = wrapper.application; includeInIndex = 0; path = Taper.app; sourceTree = BUILT_PRODUCTS_DIR; };
		92C581162644472800E062A0 /* AppDelegate.swift */ = {isa = PBXFileReference; lastKnownFileType = sourcecode.swift; path = AppDelegate.swift; sourceTree = "<group>"; };
		92C581182644472800E062A0 /* SceneDelegate.swift */ = {isa = PBXFileReference; lastKnownFileType = sourcecode.swift; path = SceneDelegate.swift; sourceTree = "<group>"; };
		92C5811A2644472800E062A0 /* DocumentViewController.swift */ = {isa = PBXFileReference; lastKnownFileType = sourcecode.swift; path = DocumentViewController.swift; sourceTree = "<group>"; };
		92C5811D2644472800E062A0 /* Base */ = {isa = PBXFileReference; lastKnownFileType = file.storyboard; name = Base; path = Base.lproj/Main.storyboard; sourceTree = "<group>"; };
		92C5811F2644472800E062A0 /* Assets.xcassets */ = {isa = PBXFileReference; lastKnownFileType = folder.assetcatalog; path = Assets.xcassets; sourceTree = "<group>"; };
		92C581222644472800E062A0 /* Base */ = {isa = PBXFileReference; lastKnownFileType = file.storyboard; name = Base; path = Base.lproj/LaunchScreen.storyboard; sourceTree = "<group>"; };
		92C581242644472800E062A0 /* Info.plist */ = {isa = PBXFileReference; lastKnownFileType = text.plist.xml; path = Info.plist; sourceTree = "<group>"; };
		92C581292644472900E062A0 /* UnitTests.xctest */ = {isa = PBXFileReference; explicitFileType = wrapper.cfbundle; includeInIndex = 0; path = UnitTests.xctest; sourceTree = BUILT_PRODUCTS_DIR; };
		92C5812F2644472900E062A0 /* Info.plist */ = {isa = PBXFileReference; lastKnownFileType = text.plist.xml; path = Info.plist; sourceTree = "<group>"; };
		92C581342644472900E062A0 /* UITests.xctest */ = {isa = PBXFileReference; explicitFileType = wrapper.cfbundle; includeInIndex = 0; path = UITests.xctest; sourceTree = BUILT_PRODUCTS_DIR; };
		92C581382644472900E062A0 /* TaperUITests.swift */ = {isa = PBXFileReference; lastKnownFileType = sourcecode.swift; path = TaperUITests.swift; sourceTree = "<group>"; };
		92C5813A2644472900E062A0 /* Info.plist */ = {isa = PBXFileReference; lastKnownFileType = text.plist.xml; path = Info.plist; sourceTree = "<group>"; };
/* End PBXFileReference section */

/* Begin PBXFrameworksBuildPhase section */
		92C581102644472800E062A0 /* Frameworks */ = {
			isa = PBXFrameworksBuildPhase;
			buildActionMask = 2147483647;
			files = (
			);
			runOnlyForDeploymentPostprocessing = 0;
		};
		92C581262644472900E062A0 /* Frameworks */ = {
			isa = PBXFrameworksBuildPhase;
			buildActionMask = 2147483647;
			files = (
			);
			runOnlyForDeploymentPostprocessing = 0;
		};
		92C581312644472900E062A0 /* Frameworks */ = {
			isa = PBXFrameworksBuildPhase;
			buildActionMask = 2147483647;
			files = (
			);
			runOnlyForDeploymentPostprocessing = 0;
		};
/* End PBXFrameworksBuildPhase section */

/* Begin PBXGroup section */
		922590DA26471CFE000113B3 /* View Models */ = {
			isa = PBXGroup;
			children = (
				922590DF26471E7E000113B3 /* TextBlockViewModel.swift */,
				922590DB26471D0F000113B3 /* ListItemBlockViewModel.swift */,
				922590DD26471DC1000113B3 /* TodoBlockViewModel.swift */,
			);
			path = "View Models";
			sourceTree = "<group>";
		};
		928EF89826444CDF00437680 /* App */ = {
			isa = PBXGroup;
			children = (
				92C581162644472800E062A0 /* AppDelegate.swift */,
				92C581182644472800E062A0 /* SceneDelegate.swift */,
			);
			path = App;
			sourceTree = "<group>";
		};
		928EF89926444E6D00437680 /* Views */ = {
			isa = PBXGroup;
			children = (
				92973AB22645E0F500B836B5 /* Cells */,
			);
			path = Views;
			sourceTree = "<group>";
		};
		928EF89E264460F700437680 /* Document */ = {
			isa = PBXGroup;
			children = (
				92973AA02645B1A500B836B5 /* Blocks */,
				92973A9826458D4000B836B5 /* Edit */,
				928EF89626444AF000437680 /* Document.swift */,
			);
			path = Document;
			sourceTree = "<group>";
		};
		928EF8A12644618700437680 /* Assets */ = {
			isa = PBXGroup;
			children = (
				92C5811F2644472800E062A0 /* Assets.xcassets */,
			);
			path = Assets;
			sourceTree = "<group>";
		};
		928EF8A22644619300437680 /* Storyboards */ = {
			isa = PBXGroup;
			children = (
				92C5811C2644472800E062A0 /* Main.storyboard */,
				92C581212644472800E062A0 /* LaunchScreen.storyboard */,
			);
			path = Storyboards;
			sourceTree = "<group>";
		};
		92973A9826458D4000B836B5 /* Edit */ = {
			isa = PBXGroup;
			children = (
				92973A9926458D4A00B836B5 /* TextEdit.swift */,
				92973AB32645E3B500B836B5 /* DocumentEditor.swift */,
			);
			path = Edit;
			sourceTree = "<group>";
		};
		92973A9B26458E3400B836B5 /* Protocols */ = {
			isa = PBXGroup;
			children = (
				92973A9C26458E4200B836B5 /* FocusableView.swift */,
				92973AB02645BAB300B836B5 /* ReusableCell.swift */,
			);
			path = Protocols;
			sourceTree = "<group>";
		};
		92973AA02645B1A500B836B5 /* Blocks */ = {
			isa = PBXGroup;
			children = (
				928EF89F2644610400437680 /* Block.swift */,
				922590D626471C2A000113B3 /* BlockContent.swift */,
				92973AAD2645B9B200B836B5 /* BlockKind.swift */,
				92973AA12645B1AD00B836B5 /* TextBlock.swift */,
				92973AA32645B1CA00B836B5 /* TodoBlock.swift */,
				92973AA72645B1EB00B836B5 /* ListItemBlock.swift */,
			);
			path = Blocks;
			sourceTree = "<group>";
		};
		92973AAF2645BAA300B836B5 /* Extensions */ = {
			isa = PBXGroup;
			children = (
			);
			path = Extensions;
			sourceTree = "<group>";
		};
		92973AB22645E0F500B836B5 /* Cells */ = {
			isa = PBXGroup;
			children = (
				928EF89A26444E7E00437680 /* BaseTextCellView.swift */,
				92973A9E2645908C00B836B5 /* TextBlockCellView.swift */,
				928EF89C26444F1D00437680 /* TodoBlockCellView.swift */,
				92973A96264589FE00B836B5 /* ListItemBlockCellView.swift */,
			);
			path = Cells;
			sourceTree = "<group>";
		};
		92C5810A2644472700E062A0 = {
			isa = PBXGroup;
			children = (
				92C581152644472800E062A0 /* Taper */,
				92C5812C2644472900E062A0 /* UnitTests */,
				92C581372644472900E062A0 /* UITests */,
				92C581142644472800E062A0 /* Products */,
			);
			sourceTree = "<group>";
		};
		92C581142644472800E062A0 /* Products */ = {
			isa = PBXGroup;
			children = (
				92C581132644472800E062A0 /* Taper.app */,
				92C581292644472900E062A0 /* UnitTests.xctest */,
				92C581342644472900E062A0 /* UITests.xctest */,
			);
			name = Products;
			sourceTree = "<group>";
		};
		92C581152644472800E062A0 /* Taper */ = {
			isa = PBXGroup;
			children = (
				928EF89826444CDF00437680 /* App */,
				92C581462644472F00E062A0 /* Models */,
				92C581472644473300E062A0 /* View Controllers */,
				922590DA26471CFE000113B3 /* View Models */,
				928EF89926444E6D00437680 /* Views */,
				92973AAF2645BAA300B836B5 /* Extensions */,
				92973A9B26458E3400B836B5 /* Protocols */,
				928EF8A22644619300437680 /* Storyboards */,
				928EF8A12644618700437680 /* Assets */,
				928EF8C32644816700437680 /* Taper.entitlements */,
				92C581242644472800E062A0 /* Info.plist */,
			);
			path = Taper;
			sourceTree = "<group>";
		};
		92C5812C2644472900E062A0 /* UnitTests */ = {
			isa = PBXGroup;
			children = (
				922590D4264718A5000113B3 /* DocumentTests.swift */,
				922590D826471C8D000113B3 /* ListItemBlockTests.swift */,
				92C5812F2644472900E062A0 /* Info.plist */,
			);
			path = UnitTests;
			sourceTree = "<group>";
		};
		92C581372644472900E062A0 /* UITests */ = {
			isa = PBXGroup;
			children = (
				92C581382644472900E062A0 /* TaperUITests.swift */,
				92C5813A2644472900E062A0 /* Info.plist */,
			);
			path = UITests;
			sourceTree = "<group>";
		};
		92C581462644472F00E062A0 /* Models */ = {
			isa = PBXGroup;
			children = (
				928EF89E264460F700437680 /* Document */,
				92973AA92645B20300B836B5 /* ListItemStyle.swift */,
				92973A942644BBAB00B836B5 /* TextStyle.swift */,
			);
			path = Models;
			sourceTree = "<group>";
		};
		92C581472644473300E062A0 /* View Controllers */ = {
			isa = PBXGroup;
			children = (
				92C5811A2644472800E062A0 /* DocumentViewController.swift */,
				92973AAB2645B32D00B836B5 /* DocumentsViewController.swift */,
			);
			path = "View Controllers";
			sourceTree = "<group>";
		};
/* End PBXGroup section */

/* Begin PBXNativeTarget section */
		92C581122644472800E062A0 /* Taper */ = {
			isa = PBXNativeTarget;
			buildConfigurationList = 92C5813D2644472900E062A0 /* Build configuration list for PBXNativeTarget "Taper" */;
			buildPhases = (
				92C5810F2644472800E062A0 /* Sources */,
				92C581102644472800E062A0 /* Frameworks */,
				92C581112644472800E062A0 /* Resources */,
			);
			buildRules = (
			);
			dependencies = (
			);
			name = Taper;
			productName = Taper;
			productReference = 92C581132644472800E062A0 /* Taper.app */;
			productType = "com.apple.product-type.application";
		};
		92C581282644472900E062A0 /* UnitTests */ = {
			isa = PBXNativeTarget;
			buildConfigurationList = 92C581402644472900E062A0 /* Build configuration list for PBXNativeTarget "UnitTests" */;
			buildPhases = (
				92C581252644472900E062A0 /* Sources */,
				92C581262644472900E062A0 /* Frameworks */,
				92C581272644472900E062A0 /* Resources */,
			);
			buildRules = (
			);
			dependencies = (
				92C5812B2644472900E062A0 /* PBXTargetDependency */,
			);
			name = UnitTests;
			productName = TaperTests;
			productReference = 92C581292644472900E062A0 /* UnitTests.xctest */;
			productType = "com.apple.product-type.bundle.unit-test";
		};
		92C581332644472900E062A0 /* UITests */ = {
			isa = PBXNativeTarget;
			buildConfigurationList = 92C581432644472900E062A0 /* Build configuration list for PBXNativeTarget "UITests" */;
			buildPhases = (
				92C581302644472900E062A0 /* Sources */,
				92C581312644472900E062A0 /* Frameworks */,
				92C581322644472900E062A0 /* Resources */,
			);
			buildRules = (
			);
			dependencies = (
				92C581362644472900E062A0 /* PBXTargetDependency */,
			);
			name = UITests;
			productName = TaperUITests;
			productReference = 92C581342644472900E062A0 /* UITests.xctest */;
			productType = "com.apple.product-type.bundle.ui-testing";
		};
/* End PBXNativeTarget section */

/* Begin PBXProject section */
		92C5810B2644472700E062A0 /* Project object */ = {
			isa = PBXProject;
			attributes = {
				LastSwiftUpdateCheck = 1250;
				LastUpgradeCheck = 1250;
				TargetAttributes = {
					92C581122644472800E062A0 = {
						CreatedOnToolsVersion = 12.5;
					};
					92C581282644472900E062A0 = {
						CreatedOnToolsVersion = 12.5;
						TestTargetID = 92C581122644472800E062A0;
					};
					92C581332644472900E062A0 = {
						CreatedOnToolsVersion = 12.5;
						TestTargetID = 92C581122644472800E062A0;
					};
				};
			};
			buildConfigurationList = 92C5810E2644472700E062A0 /* Build configuration list for PBXProject "Taper" */;
			compatibilityVersion = "Xcode 9.3";
			developmentRegion = en;
			hasScannedForEncodings = 0;
			knownRegions = (
				en,
				Base,
			);
			mainGroup = 92C5810A2644472700E062A0;
			productRefGroup = 92C581142644472800E062A0 /* Products */;
			projectDirPath = "";
			projectRoot = "";
			targets = (
				92C581122644472800E062A0 /* Taper */,
				92C581282644472900E062A0 /* UnitTests */,
				92C581332644472900E062A0 /* UITests */,
			);
		};
/* End PBXProject section */

/* Begin PBXResourcesBuildPhase section */
		92C581112644472800E062A0 /* Resources */ = {
			isa = PBXResourcesBuildPhase;
			buildActionMask = 2147483647;
			files = (
				92C581232644472800E062A0 /* LaunchScreen.storyboard in Resources */,
				92C581202644472800E062A0 /* Assets.xcassets in Resources */,
				92C5811E2644472800E062A0 /* Main.storyboard in Resources */,
			);
			runOnlyForDeploymentPostprocessing = 0;
		};
		92C581272644472900E062A0 /* Resources */ = {
			isa = PBXResourcesBuildPhase;
			buildActionMask = 2147483647;
			files = (
			);
			runOnlyForDeploymentPostprocessing = 0;
		};
		92C581322644472900E062A0 /* Resources */ = {
			isa = PBXResourcesBuildPhase;
			buildActionMask = 2147483647;
			files = (
			);
			runOnlyForDeploymentPostprocessing = 0;
		};
/* End PBXResourcesBuildPhase section */

/* Begin PBXSourcesBuildPhase section */
		92C5810F2644472800E062A0 /* Sources */ = {
			isa = PBXSourcesBuildPhase;
			buildActionMask = 2147483647;
			files = (
				92973A952644BBAB00B836B5 /* TextStyle.swift in Sources */,
				92973A9F2645908C00B836B5 /* TextBlockCellView.swift in Sources */,
				928EF89B26444E7E00437680 /* BaseTextCellView.swift in Sources */,
				922590DE26471DC1000113B3 /* TodoBlockViewModel.swift in Sources */,
				922590DC26471D0F000113B3 /* ListItemBlockViewModel.swift in Sources */,
				92973AAE2645B9B200B836B5 /* BlockKind.swift in Sources */,
				92973AAC2645B32D00B836B5 /* DocumentsViewController.swift in Sources */,
				922590E026471E7E000113B3 /* TextBlockViewModel.swift in Sources */,
				928EF89726444AF000437680 /* Document.swift in Sources */,
				92C5811B2644472800E062A0 /* DocumentViewController.swift in Sources */,
				92973A9A26458D4A00B836B5 /* TextEdit.swift in Sources */,
				92C581172644472800E062A0 /* AppDelegate.swift in Sources */,
				92973AAA2645B20300B836B5 /* ListItemStyle.swift in Sources */,
				92973A9D26458E4200B836B5 /* FocusableView.swift in Sources */,
				922590D726471C2A000113B3 /* BlockContent.swift in Sources */,
				928EF89D26444F1D00437680 /* TodoBlockCellView.swift in Sources */,
				92973AB12645BAB300B836B5 /* ReusableCell.swift in Sources */,
				92973AB42645E3B500B836B5 /* DocumentEditor.swift in Sources */,
				928EF8A02644610400437680 /* Block.swift in Sources */,
				92C581192644472800E062A0 /* SceneDelegate.swift in Sources */,
				92973A97264589FE00B836B5 /* ListItemBlockCellView.swift in Sources */,
				92973AA82645B1EB00B836B5 /* ListItemBlock.swift in Sources */,
				92973AA22645B1AD00B836B5 /* TextBlock.swift in Sources */,
				92973AA42645B1CA00B836B5 /* TodoBlock.swift in Sources */,
			);
			runOnlyForDeploymentPostprocessing = 0;
		};
		92C581252644472900E062A0 /* Sources */ = {
			isa = PBXSourcesBuildPhase;
			buildActionMask = 2147483647;
			files = (
				922590D926471C8D000113B3 /* ListItemBlockTests.swift in Sources */,
				922590D5264718A5000113B3 /* DocumentTests.swift in Sources */,
			);
			runOnlyForDeploymentPostprocessing = 0;
		};
		92C581302644472900E062A0 /* Sources */ = {
			isa = PBXSourcesBuildPhase;
			buildActionMask = 2147483647;
			files = (
				92C581392644472900E062A0 /* TaperUITests.swift in Sources */,
			);
			runOnlyForDeploymentPostprocessing = 0;
		};
/* End PBXSourcesBuildPhase section */

/* Begin PBXTargetDependency section */
		92C5812B2644472900E062A0 /* PBXTargetDependency */ = {
			isa = PBXTargetDependency;
			target = 92C581122644472800E062A0 /* Taper */;
			targetProxy = 92C5812A2644472900E062A0 /* PBXContainerItemProxy */;
		};
		92C581362644472900E062A0 /* PBXTargetDependency */ = {
			isa = PBXTargetDependency;
			target = 92C581122644472800E062A0 /* Taper */;
			targetProxy = 92C581352644472900E062A0 /* PBXContainerItemProxy */;
		};
/* End PBXTargetDependency section */

/* Begin PBXVariantGroup section */
		92C5811C2644472800E062A0 /* Main.storyboard */ = {
			isa = PBXVariantGroup;
			children = (
				92C5811D2644472800E062A0 /* Base */,
			);
			name = Main.storyboard;
			sourceTree = "<group>";
		};
		92C581212644472800E062A0 /* LaunchScreen.storyboard */ = {
			isa = PBXVariantGroup;
			children = (
				92C581222644472800E062A0 /* Base */,
			);
			name = LaunchScreen.storyboard;
			sourceTree = "<group>";
		};
/* End PBXVariantGroup section */

/* Begin XCBuildConfiguration section */
		92C5813B2644472900E062A0 /* Debug */ = {
			isa = XCBuildConfiguration;
			buildSettings = {
				ALWAYS_SEARCH_USER_PATHS = NO;
				CLANG_ANALYZER_NONNULL = YES;
				CLANG_ANALYZER_NUMBER_OBJECT_CONVERSION = YES_AGGRESSIVE;
				CLANG_CXX_LANGUAGE_STANDARD = "gnu++14";
				CLANG_CXX_LIBRARY = "libc++";
				CLANG_ENABLE_MODULES = YES;
				CLANG_ENABLE_OBJC_ARC = YES;
				CLANG_ENABLE_OBJC_WEAK = YES;
				CLANG_WARN_BLOCK_CAPTURE_AUTORELEASING = YES;
				CLANG_WARN_BOOL_CONVERSION = YES;
				CLANG_WARN_COMMA = YES;
				CLANG_WARN_CONSTANT_CONVERSION = YES;
				CLANG_WARN_DEPRECATED_OBJC_IMPLEMENTATIONS = YES;
				CLANG_WARN_DIRECT_OBJC_ISA_USAGE = YES_ERROR;
				CLANG_WARN_DOCUMENTATION_COMMENTS = YES;
				CLANG_WARN_EMPTY_BODY = YES;
				CLANG_WARN_ENUM_CONVERSION = YES;
				CLANG_WARN_INFINITE_RECURSION = YES;
				CLANG_WARN_INT_CONVERSION = YES;
				CLANG_WARN_NON_LITERAL_NULL_CONVERSION = YES;
				CLANG_WARN_OBJC_IMPLICIT_RETAIN_SELF = YES;
				CLANG_WARN_OBJC_LITERAL_CONVERSION = YES;
				CLANG_WARN_OBJC_ROOT_CLASS = YES_ERROR;
				CLANG_WARN_QUOTED_INCLUDE_IN_FRAMEWORK_HEADER = YES;
				CLANG_WARN_RANGE_LOOP_ANALYSIS = YES;
				CLANG_WARN_STRICT_PROTOTYPES = YES;
				CLANG_WARN_SUSPICIOUS_MOVE = YES;
				CLANG_WARN_UNGUARDED_AVAILABILITY = YES_AGGRESSIVE;
				CLANG_WARN_UNREACHABLE_CODE = YES;
				CLANG_WARN__DUPLICATE_METHOD_MATCH = YES;
				COPY_PHASE_STRIP = NO;
				DEBUG_INFORMATION_FORMAT = dwarf;
				ENABLE_STRICT_OBJC_MSGSEND = YES;
				ENABLE_TESTABILITY = YES;
				GCC_C_LANGUAGE_STANDARD = gnu11;
				GCC_DYNAMIC_NO_PIC = NO;
				GCC_NO_COMMON_BLOCKS = YES;
				GCC_OPTIMIZATION_LEVEL = 0;
				GCC_PREPROCESSOR_DEFINITIONS = (
					"DEBUG=1",
					"$(inherited)",
				);
				GCC_WARN_64_TO_32_BIT_CONVERSION = YES;
				GCC_WARN_ABOUT_RETURN_TYPE = YES_ERROR;
				GCC_WARN_UNDECLARED_SELECTOR = YES;
				GCC_WARN_UNINITIALIZED_AUTOS = YES_AGGRESSIVE;
				GCC_WARN_UNUSED_FUNCTION = YES;
				GCC_WARN_UNUSED_VARIABLE = YES;
				IPHONEOS_DEPLOYMENT_TARGET = 14.5;
				MTL_ENABLE_DEBUG_INFO = INCLUDE_SOURCE;
				MTL_FAST_MATH = YES;
				ONLY_ACTIVE_ARCH = YES;
				SDKROOT = iphoneos;
				SWIFT_ACTIVE_COMPILATION_CONDITIONS = DEBUG;
				SWIFT_OPTIMIZATION_LEVEL = "-Onone";
			};
			name = Debug;
		};
		92C5813C2644472900E062A0 /* Release */ = {
			isa = XCBuildConfiguration;
			buildSettings = {
				ALWAYS_SEARCH_USER_PATHS = NO;
				CLANG_ANALYZER_NONNULL = YES;
				CLANG_ANALYZER_NUMBER_OBJECT_CONVERSION = YES_AGGRESSIVE;
				CLANG_CXX_LANGUAGE_STANDARD = "gnu++14";
				CLANG_CXX_LIBRARY = "libc++";
				CLANG_ENABLE_MODULES = YES;
				CLANG_ENABLE_OBJC_ARC = YES;
				CLANG_ENABLE_OBJC_WEAK = YES;
				CLANG_WARN_BLOCK_CAPTURE_AUTORELEASING = YES;
				CLANG_WARN_BOOL_CONVERSION = YES;
				CLANG_WARN_COMMA = YES;
				CLANG_WARN_CONSTANT_CONVERSION = YES;
				CLANG_WARN_DEPRECATED_OBJC_IMPLEMENTATIONS = YES;
				CLANG_WARN_DIRECT_OBJC_ISA_USAGE = YES_ERROR;
				CLANG_WARN_DOCUMENTATION_COMMENTS = YES;
				CLANG_WARN_EMPTY_BODY = YES;
				CLANG_WARN_ENUM_CONVERSION = YES;
				CLANG_WARN_INFINITE_RECURSION = YES;
				CLANG_WARN_INT_CONVERSION = YES;
				CLANG_WARN_NON_LITERAL_NULL_CONVERSION = YES;
				CLANG_WARN_OBJC_IMPLICIT_RETAIN_SELF = YES;
				CLANG_WARN_OBJC_LITERAL_CONVERSION = YES;
				CLANG_WARN_OBJC_ROOT_CLASS = YES_ERROR;
				CLANG_WARN_QUOTED_INCLUDE_IN_FRAMEWORK_HEADER = YES;
				CLANG_WARN_RANGE_LOOP_ANALYSIS = YES;
				CLANG_WARN_STRICT_PROTOTYPES = YES;
				CLANG_WARN_SUSPICIOUS_MOVE = YES;
				CLANG_WARN_UNGUARDED_AVAILABILITY = YES_AGGRESSIVE;
				CLANG_WARN_UNREACHABLE_CODE = YES;
				CLANG_WARN__DUPLICATE_METHOD_MATCH = YES;
				COPY_PHASE_STRIP = NO;
				DEBUG_INFORMATION_FORMAT = "dwarf-with-dsym";
				ENABLE_NS_ASSERTIONS = NO;
				ENABLE_STRICT_OBJC_MSGSEND = YES;
				GCC_C_LANGUAGE_STANDARD = gnu11;
				GCC_NO_COMMON_BLOCKS = YES;
				GCC_WARN_64_TO_32_BIT_CONVERSION = YES;
				GCC_WARN_ABOUT_RETURN_TYPE = YES_ERROR;
				GCC_WARN_UNDECLARED_SELECTOR = YES;
				GCC_WARN_UNINITIALIZED_AUTOS = YES_AGGRESSIVE;
				GCC_WARN_UNUSED_FUNCTION = YES;
				GCC_WARN_UNUSED_VARIABLE = YES;
				IPHONEOS_DEPLOYMENT_TARGET = 14.5;
				MTL_ENABLE_DEBUG_INFO = NO;
				MTL_FAST_MATH = YES;
				SDKROOT = iphoneos;
				SWIFT_COMPILATION_MODE = wholemodule;
				SWIFT_OPTIMIZATION_LEVEL = "-O";
				VALIDATE_PRODUCT = YES;
			};
			name = Release;
		};
		92C5813E2644472900E062A0 /* Debug */ = {
			isa = XCBuildConfiguration;
			buildSettings = {
				ASSETCATALOG_COMPILER_APPICON_NAME = AppIcon;
				ASSETCATALOG_COMPILER_GLOBAL_ACCENT_COLOR_NAME = AccentColor;
				CODE_SIGN_ENTITLEMENTS = Taper/Taper.entitlements;
				CODE_SIGN_STYLE = Automatic;
				DEVELOPMENT_TEAM = 8G73Z8AA5M;
				INFOPLIST_FILE = Taper/Info.plist;
				LD_RUNPATH_SEARCH_PATHS = (
					"$(inherited)",
					"@executable_path/Frameworks",
				);
				PRODUCT_BUNDLE_IDENTIFIER = com.zachwaugh.Taper;
				PRODUCT_NAME = "$(TARGET_NAME)";
				SUPPORTS_MACCATALYST = YES;
				SWIFT_VERSION = 5.0;
				TARGETED_DEVICE_FAMILY = "1,2,6";
			};
			name = Debug;
		};
		92C5813F2644472900E062A0 /* Release */ = {
			isa = XCBuildConfiguration;
			buildSettings = {
				ASSETCATALOG_COMPILER_APPICON_NAME = AppIcon;
				ASSETCATALOG_COMPILER_GLOBAL_ACCENT_COLOR_NAME = AccentColor;
				CODE_SIGN_ENTITLEMENTS = Taper/Taper.entitlements;
				CODE_SIGN_STYLE = Automatic;
				DEVELOPMENT_TEAM = 8G73Z8AA5M;
				INFOPLIST_FILE = Taper/Info.plist;
				LD_RUNPATH_SEARCH_PATHS = (
					"$(inherited)",
					"@executable_path/Frameworks",
				);
				PRODUCT_BUNDLE_IDENTIFIER = com.zachwaugh.Taper;
				PRODUCT_NAME = "$(TARGET_NAME)";
				SUPPORTS_MACCATALYST = YES;
				SWIFT_VERSION = 5.0;
				TARGETED_DEVICE_FAMILY = "1,2,6";
			};
			name = Release;
		};
		92C581412644472900E062A0 /* Debug */ = {
			isa = XCBuildConfiguration;
			buildSettings = {
				ALWAYS_EMBED_SWIFT_STANDARD_LIBRARIES = YES;
				BUNDLE_LOADER = "$(TEST_HOST)";
				CODE_SIGN_STYLE = Automatic;
				DEVELOPMENT_TEAM = 8G73Z8AA5M;
				INFOPLIST_FILE = UnitTests/Info.plist;
				IPHONEOS_DEPLOYMENT_TARGET = 14.5;
				LD_RUNPATH_SEARCH_PATHS = (
					"$(inherited)",
					"@executable_path/Frameworks",
					"@loader_path/Frameworks",
				);
				PRODUCT_BUNDLE_IDENTIFIER = com.zachwaugh.TaperTests;
				PRODUCT_NAME = "$(TARGET_NAME)";
				SWIFT_VERSION = 5.0;
				TARGETED_DEVICE_FAMILY = "1,2";
				TEST_HOST = "$(BUILT_PRODUCTS_DIR)/Taper.app/Taper";
			};
			name = Debug;
		};
		92C581422644472900E062A0 /* Release */ = {
			isa = XCBuildConfiguration;
			buildSettings = {
				ALWAYS_EMBED_SWIFT_STANDARD_LIBRARIES = YES;
				BUNDLE_LOADER = "$(TEST_HOST)";
				CODE_SIGN_STYLE = Automatic;
				DEVELOPMENT_TEAM = 8G73Z8AA5M;
				INFOPLIST_FILE = UnitTests/Info.plist;
				IPHONEOS_DEPLOYMENT_TARGET = 14.5;
				LD_RUNPATH_SEARCH_PATHS = (
					"$(inherited)",
					"@executable_path/Frameworks",
					"@loader_path/Frameworks",
				);
				PRODUCT_BUNDLE_IDENTIFIER = com.zachwaugh.TaperTests;
				PRODUCT_NAME = "$(TARGET_NAME)";
				SWIFT_VERSION = 5.0;
				TARGETED_DEVICE_FAMILY = "1,2";
				TEST_HOST = "$(BUILT_PRODUCTS_DIR)/Taper.app/Taper";
			};
			name = Release;
		};
		92C581442644472900E062A0 /* Debug */ = {
			isa = XCBuildConfiguration;
			buildSettings = {
				ALWAYS_EMBED_SWIFT_STANDARD_LIBRARIES = YES;
				CODE_SIGN_STYLE = Automatic;
				DEVELOPMENT_TEAM = 8G73Z8AA5M;
				INFOPLIST_FILE = UITests/Info.plist;
				LD_RUNPATH_SEARCH_PATHS = (
					"$(inherited)",
					"@executable_path/Frameworks",
					"@loader_path/Frameworks",
				);
				PRODUCT_BUNDLE_IDENTIFIER = com.zachwaugh.TaperUITests;
				PRODUCT_NAME = "$(TARGET_NAME)";
				SWIFT_VERSION = 5.0;
				TARGETED_DEVICE_FAMILY = "1,2";
				TEST_TARGET_NAME = Taper;
			};
			name = Debug;
		};
		92C581452644472900E062A0 /* Release */ = {
			isa = XCBuildConfiguration;
			buildSettings = {
				ALWAYS_EMBED_SWIFT_STANDARD_LIBRARIES = YES;
				CODE_SIGN_STYLE = Automatic;
				DEVELOPMENT_TEAM = 8G73Z8AA5M;
				INFOPLIST_FILE = UITests/Info.plist;
				LD_RUNPATH_SEARCH_PATHS = (
					"$(inherited)",
					"@executable_path/Frameworks",
					"@loader_path/Frameworks",
				);
				PRODUCT_BUNDLE_IDENTIFIER = com.zachwaugh.TaperUITests;
				PRODUCT_NAME = "$(TARGET_NAME)";
				SWIFT_VERSION = 5.0;
				TARGETED_DEVICE_FAMILY = "1,2";
				TEST_TARGET_NAME = Taper;
			};
			name = Release;
		};
/* End XCBuildConfiguration section */

/* Begin XCConfigurationList section */
		92C5810E2644472700E062A0 /* Build configuration list for PBXProject "Taper" */ = {
			isa = XCConfigurationList;
			buildConfigurations = (
				92C5813B2644472900E062A0 /* Debug */,
				92C5813C2644472900E062A0 /* Release */,
			);
			defaultConfigurationIsVisible = 0;
			defaultConfigurationName = Release;
		};
		92C5813D2644472900E062A0 /* Build configuration list for PBXNativeTarget "Taper" */ = {
			isa = XCConfigurationList;
			buildConfigurations = (
				92C5813E2644472900E062A0 /* Debug */,
				92C5813F2644472900E062A0 /* Release */,
			);
			defaultConfigurationIsVisible = 0;
			defaultConfigurationName = Release;
		};
		92C581402644472900E062A0 /* Build configuration list for PBXNativeTarget "UnitTests" */ = {
			isa = XCConfigurationList;
			buildConfigurations = (
				92C581412644472900E062A0 /* Debug */,
				92C581422644472900E062A0 /* Release */,
			);
			defaultConfigurationIsVisible = 0;
			defaultConfigurationName = Release;
		};
		92C581432644472900E062A0 /* Build configuration list for PBXNativeTarget "UITests" */ = {
			isa = XCConfigurationList;
			buildConfigurations = (
				92C581442644472900E062A0 /* Debug */,
				92C581452644472900E062A0 /* Release */,
			);
			defaultConfigurationIsVisible = 0;
			defaultConfigurationName = Release;
		};
/* End XCConfigurationList section */
	};
	rootObject = 92C5810B2644472700E062A0 /* Project object */;
}
